// !$*UTF8*$!
{
	archiveVersion = 1;
	classes = {
	};
	objectVersion = 51;
	objects = {

/* Begin PBXBuildFile section */
		26B4ADC084CF7FC3B8D3547C /* Pods_CarrotClone_CarrotCloneUITests.framework in Frameworks */ = {isa = PBXBuildFile; fileRef = 13353F49A9F88C913F15621C /* Pods_CarrotClone_CarrotCloneUITests.framework */; };
		43A9F42326AA682700A1F2CB /* DetailCoordinator.swift in Sources */ = {isa = PBXBuildFile; fileRef = 43A9F42226AA682700A1F2CB /* DetailCoordinator.swift */; };
		43A9F42626AA74BC00A1F2CB /* Login.storyboard in Resources */ = {isa = PBXBuildFile; fileRef = 43A9F42526AA74BC00A1F2CB /* Login.storyboard */; };
		43A9F42826AA74DC00A1F2CB /* MainCoordinator.swift in Sources */ = {isa = PBXBuildFile; fileRef = 43A9F42726AA74DC00A1F2CB /* MainCoordinator.swift */; };
		43A9F42A26AA756600A1F2CB /* Coordinator.swift in Sources */ = {isa = PBXBuildFile; fileRef = 43A9F42926AA756600A1F2CB /* Coordinator.swift */; };
		43A9F42C26AA775600A1F2CB /* LoginViewController.swift in Sources */ = {isa = PBXBuildFile; fileRef = 43A9F42B26AA775600A1F2CB /* LoginViewController.swift */; };
		43A9F42E26AA7A5C00A1F2CB /* AppCoordinator.swift in Sources */ = {isa = PBXBuildFile; fileRef = 43A9F42D26AA7A5C00A1F2CB /* AppCoordinator.swift */; };
		43A9F43026AA7B1800A1F2CB /* MainViewModel.swift in Sources */ = {isa = PBXBuildFile; fileRef = 43A9F42F26AA7B1800A1F2CB /* MainViewModel.swift */; };
		43A9F43226AA7EB100A1F2CB /* DetailViewModel.swift in Sources */ = {isa = PBXBuildFile; fileRef = 43A9F43126AA7EB100A1F2CB /* DetailViewModel.swift */; };
		43A9F43426AA7FAE00A1F2CB /* LoginCoordinator.swift in Sources */ = {isa = PBXBuildFile; fileRef = 43A9F43326AA7FAE00A1F2CB /* LoginCoordinator.swift */; };
		43A9F43626AA7FD800A1F2CB /* LoginViewModel.swift in Sources */ = {isa = PBXBuildFile; fileRef = 43A9F43526AA7FD800A1F2CB /* LoginViewModel.swift */; };
		43A9F43826AA84A900A1F2CB /* Main.storyboard in Resources */ = {isa = PBXBuildFile; fileRef = 43A9F43726AA84A900A1F2CB /* Main.storyboard */; };
		43A9F43A26AA8CE000A1F2CB /* Post.swift in Sources */ = {isa = PBXBuildFile; fileRef = 43A9F43926AA8CE000A1F2CB /* Post.swift */; };
		43A9F43C26AA8CE900A1F2CB /* User.swift in Sources */ = {isa = PBXBuildFile; fileRef = 43A9F43B26AA8CE900A1F2CB /* User.swift */; };
		43A9F44126AA938800A1F2CB /* ExString.swift in Sources */ = {isa = PBXBuildFile; fileRef = 43A9F44026AA938800A1F2CB /* ExString.swift */; };
		43A9F44326AAABBD00A1F2CB /* ExDate.swift in Sources */ = {isa = PBXBuildFile; fileRef = 43A9F44226AAABBD00A1F2CB /* ExDate.swift */; };
		43A9F44526AAACF600A1F2CB /* BaseFireBaseManager.swift in Sources */ = {isa = PBXBuildFile; fileRef = 43A9F44426AAACF600A1F2CB /* BaseFireBaseManager.swift */; };
		43A9F44726AAAD3D00A1F2CB /* PostFireBaseManager.swift in Sources */ = {isa = PBXBuildFile; fileRef = 43A9F44626AAAD3D00A1F2CB /* PostFireBaseManager.swift */; };
		43A9F44926ABEFE900A1F2CB /* RegisterViewModel.swift in Sources */ = {isa = PBXBuildFile; fileRef = 43A9F44826ABEFE900A1F2CB /* RegisterViewModel.swift */; };
		43A9F44D26ABF02D00A1F2CB /* RegisterViewController.swift in Sources */ = {isa = PBXBuildFile; fileRef = 43A9F44C26ABF02D00A1F2CB /* RegisterViewController.swift */; };
		43A9F44F26ABF03900A1F2CB /* Register.storyboard in Resources */ = {isa = PBXBuildFile; fileRef = 43A9F44E26ABF03900A1F2CB /* Register.storyboard */; };
		43A9F45126ABF06B00A1F2CB /* RegisterCoordinator.swift in Sources */ = {isa = PBXBuildFile; fileRef = 43A9F45026ABF06B00A1F2CB /* RegisterCoordinator.swift */; };
		43A9F45326ABF3F200A1F2CB /* ImageFireBaseManager.swift in Sources */ = {isa = PBXBuildFile; fileRef = 43A9F45226ABF3F200A1F2CB /* ImageFireBaseManager.swift */; };
		43A9F45626ABFB7C00A1F2CB /* AlertPresenter.swift in Sources */ = {isa = PBXBuildFile; fileRef = 43A9F45526ABFB7C00A1F2CB /* AlertPresenter.swift */; };
		43A9F45826ABFB9200A1F2CB /* AlertPresenterProtocol.swift in Sources */ = {isa = PBXBuildFile; fileRef = 43A9F45726ABFB9200A1F2CB /* AlertPresenterProtocol.swift */; };
		43A9F45A26ABFF2400A1F2CB /* UserFireBaseManager.swift in Sources */ = {isa = PBXBuildFile; fileRef = 43A9F45926ABFF2400A1F2CB /* UserFireBaseManager.swift */; };
		43A9F45E26AC042100A1F2CB /* LoginService.swift in Sources */ = {isa = PBXBuildFile; fileRef = 43A9F45D26AC042100A1F2CB /* LoginService.swift */; };
		43A9F46026AC042D00A1F2CB /* RegisterService.swift in Sources */ = {isa = PBXBuildFile; fileRef = 43A9F45F26AC042D00A1F2CB /* RegisterService.swift */; };
		43A9F46226AC043C00A1F2CB /* PostService.swift in Sources */ = {isa = PBXBuildFile; fileRef = 43A9F46126AC043C00A1F2CB /* PostService.swift */; };
		43A9F46426AC1E6800A1F2CB /* PostCell.swift in Sources */ = {isa = PBXBuildFile; fileRef = 43A9F46326AC1E6800A1F2CB /* PostCell.swift */; };
		43A9F46826AC237F00A1F2CB /* WriterCell.swift in Sources */ = {isa = PBXBuildFile; fileRef = 43A9F46726AC237F00A1F2CB /* WriterCell.swift */; };
		43A9F46A26AC238C00A1F2CB /* ContentCell.swift in Sources */ = {isa = PBXBuildFile; fileRef = 43A9F46926AC238C00A1F2CB /* ContentCell.swift */; };
		43A9F46C26AC23A100A1F2CB /* PictureCell.swift in Sources */ = {isa = PBXBuildFile; fileRef = 43A9F46B26AC23A100A1F2CB /* PictureCell.swift */; };
		43A9F46E26AC23AE00A1F2CB /* CommentCell.swift in Sources */ = {isa = PBXBuildFile; fileRef = 43A9F46D26AC23AE00A1F2CB /* CommentCell.swift */; };
		43A9F47126AC46F800A1F2CB /* UserDefaults.swift in Sources */ = {isa = PBXBuildFile; fileRef = 43A9F47026AC46F800A1F2CB /* UserDefaults.swift */; };
		43A9F47426AC56FA00A1F2CB /* WriteCoordinator.swift in Sources */ = {isa = PBXBuildFile; fileRef = 43A9F47326AC56FA00A1F2CB /* WriteCoordinator.swift */; };
		43A9F47626AC574C00A1F2CB /* WriteViewModel.swift in Sources */ = {isa = PBXBuildFile; fileRef = 43A9F47526AC574C00A1F2CB /* WriteViewModel.swift */; };
		43A9F47826AC576000A1F2CB /* WriteViewController.swift in Sources */ = {isa = PBXBuildFile; fileRef = 43A9F47726AC576000A1F2CB /* WriteViewController.swift */; };
		43A9F47A26AC576A00A1F2CB /* Write.storyboard in Resources */ = {isa = PBXBuildFile; fileRef = 43A9F47926AC576A00A1F2CB /* Write.storyboard */; };
		43A9F47C26AC915200A1F2CB /* ImageCell.swift in Sources */ = {isa = PBXBuildFile; fileRef = 43A9F47B26AC915200A1F2CB /* ImageCell.swift */; };
		43B3A4B226AA634000F516F2 /* AppDelegate.swift in Sources */ = {isa = PBXBuildFile; fileRef = 43B3A4B126AA634000F516F2 /* AppDelegate.swift */; };
		43B3A4B426AA634000F516F2 /* SceneDelegate.swift in Sources */ = {isa = PBXBuildFile; fileRef = 43B3A4B326AA634000F516F2 /* SceneDelegate.swift */; };
		43B3A4BB26AA634000F516F2 /* Assets.xcassets in Resources */ = {isa = PBXBuildFile; fileRef = 43B3A4BA26AA634000F516F2 /* Assets.xcassets */; };
		43B3A4BE26AA634000F516F2 /* LaunchScreen.storyboard in Resources */ = {isa = PBXBuildFile; fileRef = 43B3A4BC26AA634000F516F2 /* LaunchScreen.storyboard */; };
		43B3A4C926AA634000F516F2 /* CarrotCloneTests.swift in Sources */ = {isa = PBXBuildFile; fileRef = 43B3A4C826AA634000F516F2 /* CarrotCloneTests.swift */; };
		43B3A4D426AA634000F516F2 /* CarrotCloneUITests.swift in Sources */ = {isa = PBXBuildFile; fileRef = 43B3A4D326AA634000F516F2 /* CarrotCloneUITests.swift */; };
		43B3A4EC26AA642300F516F2 /* GoogleService-Info.plist in Resources */ = {isa = PBXBuildFile; fileRef = 43B3A4EB26AA642300F516F2 /* GoogleService-Info.plist */; };
		43B3A4ED26AA642300F516F2 /* GoogleService-Info.plist in Resources */ = {isa = PBXBuildFile; fileRef = 43B3A4EB26AA642300F516F2 /* GoogleService-Info.plist */; };
		43B3A4EE26AA642300F516F2 /* GoogleService-Info.plist in Resources */ = {isa = PBXBuildFile; fileRef = 43B3A4EB26AA642300F516F2 /* GoogleService-Info.plist */; };
		43C30AFE26AA65CE00D91739 /* Detail.storyboard in Resources */ = {isa = PBXBuildFile; fileRef = 43C30AFD26AA65CE00D91739 /* Detail.storyboard */; };
		43C30B0326AA667700D91739 /* DetailViewController.swift in Sources */ = {isa = PBXBuildFile; fileRef = 43C30B0226AA667700D91739 /* DetailViewController.swift */; };
		43C30B0526AA668000D91739 /* MainViewController.swift in Sources */ = {isa = PBXBuildFile; fileRef = 43C30B0426AA668000D91739 /* MainViewController.swift */; };
		7602968B4697BB513140F19D /* Pods_CarrotClone.framework in Frameworks */ = {isa = PBXBuildFile; fileRef = 45914A2F683ACE63FDE9F79A /* Pods_CarrotClone.framework */; };
		B432887B7D4198204CF23288 /* Pods_CarrotCloneTests.framework in Frameworks */ = {isa = PBXBuildFile; fileRef = 07EFF5A8711119884E941611 /* Pods_CarrotCloneTests.framework */; };
/* End PBXBuildFile section */

/* Begin PBXContainerItemProxy section */
		43B3A4C526AA634000F516F2 /* PBXContainerItemProxy */ = {
			isa = PBXContainerItemProxy;
			containerPortal = 43B3A4A626AA634000F516F2 /* Project object */;
			proxyType = 1;
			remoteGlobalIDString = 43B3A4AD26AA634000F516F2;
			remoteInfo = CarrotClone;
		};
		43B3A4D026AA634000F516F2 /* PBXContainerItemProxy */ = {
			isa = PBXContainerItemProxy;
			containerPortal = 43B3A4A626AA634000F516F2 /* Project object */;
			proxyType = 1;
			remoteGlobalIDString = 43B3A4AD26AA634000F516F2;
			remoteInfo = CarrotClone;
		};
/* End PBXContainerItemProxy section */

/* Begin PBXFileReference section */
		07EFF5A8711119884E941611 /* Pods_CarrotCloneTests.framework */ = {isa = PBXFileReference; explicitFileType = wrapper.framework; includeInIndex = 0; path = Pods_CarrotCloneTests.framework; sourceTree = BUILT_PRODUCTS_DIR; };
		0C7A772BBCA7AF9CB6D222C7 /* Pods-CarrotCloneTests.release.xcconfig */ = {isa = PBXFileReference; includeInIndex = 1; lastKnownFileType = text.xcconfig; name = "Pods-CarrotCloneTests.release.xcconfig"; path = "Target Support Files/Pods-CarrotCloneTests/Pods-CarrotCloneTests.release.xcconfig"; sourceTree = "<group>"; };
		13353F49A9F88C913F15621C /* Pods_CarrotClone_CarrotCloneUITests.framework */ = {isa = PBXFileReference; explicitFileType = wrapper.framework; includeInIndex = 0; path = Pods_CarrotClone_CarrotCloneUITests.framework; sourceTree = BUILT_PRODUCTS_DIR; };
		3EF06B9F26FD233D3F7AA6EA /* Pods-CarrotClone.debug.xcconfig */ = {isa = PBXFileReference; includeInIndex = 1; lastKnownFileType = text.xcconfig; name = "Pods-CarrotClone.debug.xcconfig"; path = "Target Support Files/Pods-CarrotClone/Pods-CarrotClone.debug.xcconfig"; sourceTree = "<group>"; };
		43A9F42226AA682700A1F2CB /* DetailCoordinator.swift */ = {isa = PBXFileReference; lastKnownFileType = sourcecode.swift; path = DetailCoordinator.swift; sourceTree = "<group>"; };
		43A9F42526AA74BC00A1F2CB /* Login.storyboard */ = {isa = PBXFileReference; lastKnownFileType = file.storyboard; path = Login.storyboard; sourceTree = "<group>"; };
		43A9F42726AA74DC00A1F2CB /* MainCoordinator.swift */ = {isa = PBXFileReference; lastKnownFileType = sourcecode.swift; path = MainCoordinator.swift; sourceTree = "<group>"; };
		43A9F42926AA756600A1F2CB /* Coordinator.swift */ = {isa = PBXFileReference; lastKnownFileType = sourcecode.swift; path = Coordinator.swift; sourceTree = "<group>"; };
		43A9F42B26AA775600A1F2CB /* LoginViewController.swift */ = {isa = PBXFileReference; lastKnownFileType = sourcecode.swift; path = LoginViewController.swift; sourceTree = "<group>"; };
		43A9F42D26AA7A5C00A1F2CB /* AppCoordinator.swift */ = {isa = PBXFileReference; lastKnownFileType = sourcecode.swift; path = AppCoordinator.swift; sourceTree = "<group>"; };
		43A9F42F26AA7B1800A1F2CB /* MainViewModel.swift */ = {isa = PBXFileReference; lastKnownFileType = sourcecode.swift; path = MainViewModel.swift; sourceTree = "<group>"; };
		43A9F43126AA7EB100A1F2CB /* DetailViewModel.swift */ = {isa = PBXFileReference; lastKnownFileType = sourcecode.swift; path = DetailViewModel.swift; sourceTree = "<group>"; };
		43A9F43326AA7FAE00A1F2CB /* LoginCoordinator.swift */ = {isa = PBXFileReference; lastKnownFileType = sourcecode.swift; path = LoginCoordinator.swift; sourceTree = "<group>"; };
		43A9F43526AA7FD800A1F2CB /* LoginViewModel.swift */ = {isa = PBXFileReference; lastKnownFileType = sourcecode.swift; path = LoginViewModel.swift; sourceTree = "<group>"; };
		43A9F43726AA84A900A1F2CB /* Main.storyboard */ = {isa = PBXFileReference; lastKnownFileType = file.storyboard; path = Main.storyboard; sourceTree = "<group>"; };
		43A9F43926AA8CE000A1F2CB /* Post.swift */ = {isa = PBXFileReference; lastKnownFileType = sourcecode.swift; path = Post.swift; sourceTree = "<group>"; };
		43A9F43B26AA8CE900A1F2CB /* User.swift */ = {isa = PBXFileReference; lastKnownFileType = sourcecode.swift; path = User.swift; sourceTree = "<group>"; };
		43A9F44026AA938800A1F2CB /* ExString.swift */ = {isa = PBXFileReference; lastKnownFileType = sourcecode.swift; path = ExString.swift; sourceTree = "<group>"; };
		43A9F44226AAABBD00A1F2CB /* ExDate.swift */ = {isa = PBXFileReference; lastKnownFileType = sourcecode.swift; path = ExDate.swift; sourceTree = "<group>"; };
		43A9F44426AAACF600A1F2CB /* BaseFireBaseManager.swift */ = {isa = PBXFileReference; lastKnownFileType = sourcecode.swift; path = BaseFireBaseManager.swift; sourceTree = "<group>"; };
		43A9F44626AAAD3D00A1F2CB /* PostFireBaseManager.swift */ = {isa = PBXFileReference; lastKnownFileType = sourcecode.swift; path = PostFireBaseManager.swift; sourceTree = "<group>"; };
		43A9F44826ABEFE900A1F2CB /* RegisterViewModel.swift */ = {isa = PBXFileReference; lastKnownFileType = sourcecode.swift; path = RegisterViewModel.swift; sourceTree = "<group>"; };
		43A9F44C26ABF02D00A1F2CB /* RegisterViewController.swift */ = {isa = PBXFileReference; lastKnownFileType = sourcecode.swift; path = RegisterViewController.swift; sourceTree = "<group>"; };
		43A9F44E26ABF03900A1F2CB /* Register.storyboard */ = {isa = PBXFileReference; lastKnownFileType = file.storyboard; path = Register.storyboard; sourceTree = "<group>"; };
		43A9F45026ABF06B00A1F2CB /* RegisterCoordinator.swift */ = {isa = PBXFileReference; lastKnownFileType = sourcecode.swift; path = RegisterCoordinator.swift; sourceTree = "<group>"; };
		43A9F45226ABF3F200A1F2CB /* ImageFireBaseManager.swift */ = {isa = PBXFileReference; lastKnownFileType = sourcecode.swift; path = ImageFireBaseManager.swift; sourceTree = "<group>"; };
		43A9F45526ABFB7C00A1F2CB /* AlertPresenter.swift */ = {isa = PBXFileReference; lastKnownFileType = sourcecode.swift; path = AlertPresenter.swift; sourceTree = "<group>"; };
		43A9F45726ABFB9200A1F2CB /* AlertPresenterProtocol.swift */ = {isa = PBXFileReference; lastKnownFileType = sourcecode.swift; path = AlertPresenterProtocol.swift; sourceTree = "<group>"; };
		43A9F45926ABFF2400A1F2CB /* UserFireBaseManager.swift */ = {isa = PBXFileReference; lastKnownFileType = sourcecode.swift; path = UserFireBaseManager.swift; sourceTree = "<group>"; };
		43A9F45D26AC042100A1F2CB /* LoginService.swift */ = {isa = PBXFileReference; lastKnownFileType = sourcecode.swift; path = LoginService.swift; sourceTree = "<group>"; };
		43A9F45F26AC042D00A1F2CB /* RegisterService.swift */ = {isa = PBXFileReference; lastKnownFileType = sourcecode.swift; path = RegisterService.swift; sourceTree = "<group>"; };
		43A9F46126AC043C00A1F2CB /* PostService.swift */ = {isa = PBXFileReference; lastKnownFileType = sourcecode.swift; path = PostService.swift; sourceTree = "<group>"; };
		43A9F46326AC1E6800A1F2CB /* PostCell.swift */ = {isa = PBXFileReference; lastKnownFileType = sourcecode.swift; path = PostCell.swift; sourceTree = "<group>"; };
		43A9F46726AC237F00A1F2CB /* WriterCell.swift */ = {isa = PBXFileReference; lastKnownFileType = sourcecode.swift; path = WriterCell.swift; sourceTree = "<group>"; };
		43A9F46926AC238C00A1F2CB /* ContentCell.swift */ = {isa = PBXFileReference; lastKnownFileType = sourcecode.swift; path = ContentCell.swift; sourceTree = "<group>"; };
		43A9F46B26AC23A100A1F2CB /* PictureCell.swift */ = {isa = PBXFileReference; lastKnownFileType = sourcecode.swift; path = PictureCell.swift; sourceTree = "<group>"; };
		43A9F46D26AC23AE00A1F2CB /* CommentCell.swift */ = {isa = PBXFileReference; lastKnownFileType = sourcecode.swift; path = CommentCell.swift; sourceTree = "<group>"; };
		43A9F47026AC46F800A1F2CB /* UserDefaults.swift */ = {isa = PBXFileReference; lastKnownFileType = sourcecode.swift; path = UserDefaults.swift; sourceTree = "<group>"; };
		43A9F47326AC56FA00A1F2CB /* WriteCoordinator.swift */ = {isa = PBXFileReference; lastKnownFileType = sourcecode.swift; path = WriteCoordinator.swift; sourceTree = "<group>"; };
		43A9F47526AC574C00A1F2CB /* WriteViewModel.swift */ = {isa = PBXFileReference; lastKnownFileType = sourcecode.swift; path = WriteViewModel.swift; sourceTree = "<group>"; };
		43A9F47726AC576000A1F2CB /* WriteViewController.swift */ = {isa = PBXFileReference; lastKnownFileType = sourcecode.swift; path = WriteViewController.swift; sourceTree = "<group>"; };
		43A9F47926AC576A00A1F2CB /* Write.storyboard */ = {isa = PBXFileReference; lastKnownFileType = file.storyboard; path = Write.storyboard; sourceTree = "<group>"; };
		43A9F47B26AC915200A1F2CB /* ImageCell.swift */ = {isa = PBXFileReference; lastKnownFileType = sourcecode.swift; path = ImageCell.swift; sourceTree = "<group>"; };
		43B3A4AE26AA634000F516F2 /* CarrotClone.app */ = {isa = PBXFileReference; explicitFileType = wrapper.application; includeInIndex = 0; path = CarrotClone.app; sourceTree = BUILT_PRODUCTS_DIR; };
		43B3A4B126AA634000F516F2 /* AppDelegate.swift */ = {isa = PBXFileReference; lastKnownFileType = sourcecode.swift; path = AppDelegate.swift; sourceTree = "<group>"; };
		43B3A4B326AA634000F516F2 /* SceneDelegate.swift */ = {isa = PBXFileReference; lastKnownFileType = sourcecode.swift; path = SceneDelegate.swift; sourceTree = "<group>"; };
		43B3A4BA26AA634000F516F2 /* Assets.xcassets */ = {isa = PBXFileReference; lastKnownFileType = folder.assetcatalog; path = Assets.xcassets; sourceTree = "<group>"; };
		43B3A4BD26AA634000F516F2 /* Base */ = {isa = PBXFileReference; lastKnownFileType = file.storyboard; name = Base; path = Base.lproj/LaunchScreen.storyboard; sourceTree = "<group>"; };
		43B3A4BF26AA634000F516F2 /* Info.plist */ = {isa = PBXFileReference; lastKnownFileType = text.plist.xml; path = Info.plist; sourceTree = "<group>"; };
		43B3A4C426AA634000F516F2 /* CarrotCloneTests.xctest */ = {isa = PBXFileReference; explicitFileType = wrapper.cfbundle; includeInIndex = 0; path = CarrotCloneTests.xctest; sourceTree = BUILT_PRODUCTS_DIR; };
		43B3A4C826AA634000F516F2 /* CarrotCloneTests.swift */ = {isa = PBXFileReference; lastKnownFileType = sourcecode.swift; path = CarrotCloneTests.swift; sourceTree = "<group>"; };
		43B3A4CA26AA634000F516F2 /* Info.plist */ = {isa = PBXFileReference; lastKnownFileType = text.plist.xml; path = Info.plist; sourceTree = "<group>"; };
		43B3A4CF26AA634000F516F2 /* CarrotCloneUITests.xctest */ = {isa = PBXFileReference; explicitFileType = wrapper.cfbundle; includeInIndex = 0; path = CarrotCloneUITests.xctest; sourceTree = BUILT_PRODUCTS_DIR; };
		43B3A4D326AA634000F516F2 /* CarrotCloneUITests.swift */ = {isa = PBXFileReference; lastKnownFileType = sourcecode.swift; path = CarrotCloneUITests.swift; sourceTree = "<group>"; };
		43B3A4D526AA634000F516F2 /* Info.plist */ = {isa = PBXFileReference; lastKnownFileType = text.plist.xml; path = Info.plist; sourceTree = "<group>"; };
		43B3A4EB26AA642300F516F2 /* GoogleService-Info.plist */ = {isa = PBXFileReference; fileEncoding = 4; lastKnownFileType = text.plist.xml; path = "GoogleService-Info.plist"; sourceTree = "<group>"; };
		43C30AFD26AA65CE00D91739 /* Detail.storyboard */ = {isa = PBXFileReference; lastKnownFileType = file.storyboard; path = Detail.storyboard; sourceTree = "<group>"; };
		43C30B0226AA667700D91739 /* DetailViewController.swift */ = {isa = PBXFileReference; lastKnownFileType = sourcecode.swift; path = DetailViewController.swift; sourceTree = "<group>"; };
		43C30B0426AA668000D91739 /* MainViewController.swift */ = {isa = PBXFileReference; lastKnownFileType = sourcecode.swift; path = MainViewController.swift; sourceTree = "<group>"; };
		45914A2F683ACE63FDE9F79A /* Pods_CarrotClone.framework */ = {isa = PBXFileReference; explicitFileType = wrapper.framework; includeInIndex = 0; path = Pods_CarrotClone.framework; sourceTree = BUILT_PRODUCTS_DIR; };
		947C8628019A847486785475 /* Pods-CarrotClone.release.xcconfig */ = {isa = PBXFileReference; includeInIndex = 1; lastKnownFileType = text.xcconfig; name = "Pods-CarrotClone.release.xcconfig"; path = "Target Support Files/Pods-CarrotClone/Pods-CarrotClone.release.xcconfig"; sourceTree = "<group>"; };
		CD295761A61E1B4390C00107 /* Pods-CarrotCloneTests.debug.xcconfig */ = {isa = PBXFileReference; includeInIndex = 1; lastKnownFileType = text.xcconfig; name = "Pods-CarrotCloneTests.debug.xcconfig"; path = "Target Support Files/Pods-CarrotCloneTests/Pods-CarrotCloneTests.debug.xcconfig"; sourceTree = "<group>"; };
		EAACF7B449A1AD18A1DA6C05 /* Pods-CarrotClone-CarrotCloneUITests.release.xcconfig */ = {isa = PBXFileReference; includeInIndex = 1; lastKnownFileType = text.xcconfig; name = "Pods-CarrotClone-CarrotCloneUITests.release.xcconfig"; path = "Target Support Files/Pods-CarrotClone-CarrotCloneUITests/Pods-CarrotClone-CarrotCloneUITests.release.xcconfig"; sourceTree = "<group>"; };
		FC65C24785F6ED0814948C04 /* Pods-CarrotClone-CarrotCloneUITests.debug.xcconfig */ = {isa = PBXFileReference; includeInIndex = 1; lastKnownFileType = text.xcconfig; name = "Pods-CarrotClone-CarrotCloneUITests.debug.xcconfig"; path = "Target Support Files/Pods-CarrotClone-CarrotCloneUITests/Pods-CarrotClone-CarrotCloneUITests.debug.xcconfig"; sourceTree = "<group>"; };
/* End PBXFileReference section */

/* Begin PBXFrameworksBuildPhase section */
		43B3A4AB26AA634000F516F2 /* Frameworks */ = {
			isa = PBXFrameworksBuildPhase;
			buildActionMask = 2147483647;
			files = (
				7602968B4697BB513140F19D /* Pods_CarrotClone.framework in Frameworks */,
			);
			runOnlyForDeploymentPostprocessing = 0;
		};
		43B3A4C126AA634000F516F2 /* Frameworks */ = {
			isa = PBXFrameworksBuildPhase;
			buildActionMask = 2147483647;
			files = (
				B432887B7D4198204CF23288 /* Pods_CarrotCloneTests.framework in Frameworks */,
			);
			runOnlyForDeploymentPostprocessing = 0;
		};
		43B3A4CC26AA634000F516F2 /* Frameworks */ = {
			isa = PBXFrameworksBuildPhase;
			buildActionMask = 2147483647;
			files = (
				26B4ADC084CF7FC3B8D3547C /* Pods_CarrotClone_CarrotCloneUITests.framework in Frameworks */,
			);
			runOnlyForDeploymentPostprocessing = 0;
		};
/* End PBXFrameworksBuildPhase section */

/* Begin PBXGroup section */
		43A9F42426AA74A300A1F2CB /* Login */ = {
			isa = PBXGroup;
			children = (
				43A9F42526AA74BC00A1F2CB /* Login.storyboard */,
				43A9F42B26AA775600A1F2CB /* LoginViewController.swift */,
				43A9F43526AA7FD800A1F2CB /* LoginViewModel.swift */,
			);
			path = Login;
			sourceTree = "<group>";
		};
		43A9F43F26AA937500A1F2CB /* Extension */ = {
			isa = PBXGroup;
			children = (
				43A9F44026AA938800A1F2CB /* ExString.swift */,
				43A9F44226AAABBD00A1F2CB /* ExDate.swift */,
			);
			path = Extension;
			sourceTree = "<group>";
		};
		43A9F44A26ABEFFB00A1F2CB /* Auth */ = {
			isa = PBXGroup;
			children = (
				43A9F44B26ABF00600A1F2CB /* Register */,
				43A9F42426AA74A300A1F2CB /* Login */,
			);
			path = Auth;
			sourceTree = "<group>";
		};
		43A9F44B26ABF00600A1F2CB /* Register */ = {
			isa = PBXGroup;
			children = (
				43A9F44E26ABF03900A1F2CB /* Register.storyboard */,
				43A9F44C26ABF02D00A1F2CB /* RegisterViewController.swift */,
				43A9F44826ABEFE900A1F2CB /* RegisterViewModel.swift */,
			);
			path = Register;
			sourceTree = "<group>";
		};
		43A9F45426ABFB6600A1F2CB /* Alert */ = {
			isa = PBXGroup;
			children = (
				43A9F45526ABFB7C00A1F2CB /* AlertPresenter.swift */,
				43A9F45726ABFB9200A1F2CB /* AlertPresenterProtocol.swift */,
			);
			path = Alert;
			sourceTree = "<group>";
		};
		43A9F46526AC235000A1F2CB /* Cell */ = {
			isa = PBXGroup;
			children = (
				43A9F46726AC237F00A1F2CB /* WriterCell.swift */,
				43A9F46926AC238C00A1F2CB /* ContentCell.swift */,
				43A9F46B26AC23A100A1F2CB /* PictureCell.swift */,
				43A9F46D26AC23AE00A1F2CB /* CommentCell.swift */,
				43A9F47B26AC915200A1F2CB /* ImageCell.swift */,
			);
			path = Cell;
			sourceTree = "<group>";
		};
		43A9F46626AC235700A1F2CB /* Cell */ = {
			isa = PBXGroup;
			children = (
				43A9F46326AC1E6800A1F2CB /* PostCell.swift */,
			);
			path = Cell;
			sourceTree = "<group>";
		};
		43A9F46F26AC46E000A1F2CB /* Storage */ = {
			isa = PBXGroup;
			children = (
				43A9F47026AC46F800A1F2CB /* UserDefaults.swift */,
			);
			path = Storage;
			sourceTree = "<group>";
		};
		43A9F47226AC540B00A1F2CB /* Write */ = {
			isa = PBXGroup;
			children = (
				43A9F47926AC576A00A1F2CB /* Write.storyboard */,
				43A9F47726AC576000A1F2CB /* WriteViewController.swift */,
				43A9F47526AC574C00A1F2CB /* WriteViewModel.swift */,
			);
			path = Write;
			sourceTree = "<group>";
		};
		43B3A4A526AA634000F516F2 = {
			isa = PBXGroup;
			children = (
				43B3A4B026AA634000F516F2 /* CarrotClone */,
				43B3A4C726AA634000F516F2 /* CarrotCloneTests */,
				43B3A4D226AA634000F516F2 /* CarrotCloneUITests */,
				43B3A4AF26AA634000F516F2 /* Products */,
				D773356963CAC856A0F0B54D /* Pods */,
				AC04FE98C481133219EAFA69 /* Frameworks */,
			);
			sourceTree = "<group>";
		};
		43B3A4AF26AA634000F516F2 /* Products */ = {
			isa = PBXGroup;
			children = (
				43B3A4AE26AA634000F516F2 /* CarrotClone.app */,
				43B3A4C426AA634000F516F2 /* CarrotCloneTests.xctest */,
				43B3A4CF26AA634000F516F2 /* CarrotCloneUITests.xctest */,
			);
			name = Products;
			sourceTree = "<group>";
		};
		43B3A4B026AA634000F516F2 /* CarrotClone */ = {
			isa = PBXGroup;
			children = (
				43B3A4EB26AA642300F516F2 /* GoogleService-Info.plist */,
				43B3A4BF26AA634000F516F2 /* Info.plist */,
				43B3A4E226AA637100F516F2 /* Resource */,
				43B3A4E126AA635B00F516F2 /* Source */,
			);
			path = CarrotClone;
			sourceTree = "<group>";
		};
		43B3A4C726AA634000F516F2 /* CarrotCloneTests */ = {
			isa = PBXGroup;
			children = (
				43B3A4C826AA634000F516F2 /* CarrotCloneTests.swift */,
				43B3A4CA26AA634000F516F2 /* Info.plist */,
			);
			path = CarrotCloneTests;
			sourceTree = "<group>";
		};
		43B3A4D226AA634000F516F2 /* CarrotCloneUITests */ = {
			isa = PBXGroup;
			children = (
				43B3A4D326AA634000F516F2 /* CarrotCloneUITests.swift */,
				43B3A4D526AA634000F516F2 /* Info.plist */,
			);
			path = CarrotCloneUITests;
			sourceTree = "<group>";
		};
		43B3A4E126AA635B00F516F2 /* Source */ = {
			isa = PBXGroup;
			children = (
				43A9F46F26AC46E000A1F2CB /* Storage */,
				43A9F43F26AA937500A1F2CB /* Extension */,
				43B3A4E326AA638E00F516F2 /* Delegate */,
				43B3A4E426AA639700F516F2 /* Model */,
				43B3A4E526AA63A400F516F2 /* Network */,
				43B3A4E826AA63C800F516F2 /* Scenes */,
				43B3A4E726AA63B400F516F2 /* Service */,
			);
			path = Source;
			sourceTree = "<group>";
		};
		43B3A4E226AA637100F516F2 /* Resource */ = {
			isa = PBXGroup;
			children = (
				43B3A4BA26AA634000F516F2 /* Assets.xcassets */,
				43B3A4BC26AA634000F516F2 /* LaunchScreen.storyboard */,
			);
			path = Resource;
			sourceTree = "<group>";
		};
		43B3A4E326AA638E00F516F2 /* Delegate */ = {
			isa = PBXGroup;
			children = (
				43B3A4B126AA634000F516F2 /* AppDelegate.swift */,
				43B3A4B326AA634000F516F2 /* SceneDelegate.swift */,
			);
			path = Delegate;
			sourceTree = "<group>";
		};
		43B3A4E426AA639700F516F2 /* Model */ = {
			isa = PBXGroup;
			children = (
				43A9F43926AA8CE000A1F2CB /* Post.swift */,
				43A9F43B26AA8CE900A1F2CB /* User.swift */,
			);
			path = Model;
			sourceTree = "<group>";
		};
		43B3A4E526AA63A400F516F2 /* Network */ = {
			isa = PBXGroup;
			children = (
				43A9F44426AAACF600A1F2CB /* BaseFireBaseManager.swift */,
				43A9F44626AAAD3D00A1F2CB /* PostFireBaseManager.swift */,
				43A9F45226ABF3F200A1F2CB /* ImageFireBaseManager.swift */,
				43A9F45926ABFF2400A1F2CB /* UserFireBaseManager.swift */,
			);
			path = Network;
			sourceTree = "<group>";
		};
		43B3A4E726AA63B400F516F2 /* Service */ = {
			isa = PBXGroup;
			children = (
				43A9F45D26AC042100A1F2CB /* LoginService.swift */,
				43A9F45F26AC042D00A1F2CB /* RegisterService.swift */,
				43A9F46126AC043C00A1F2CB /* PostService.swift */,
			);
			path = Service;
			sourceTree = "<group>";
		};
		43B3A4E826AA63C800F516F2 /* Scenes */ = {
			isa = PBXGroup;
			children = (
				43A9F45426ABFB6600A1F2CB /* Alert */,
				43A9F44A26ABEFFB00A1F2CB /* Auth */,
				43C30AFF26AA65ED00D91739 /* Coordinator */,
				43B3A4EA26AA63F400F516F2 /* Detail */,
				43B3A4E926AA63EB00F516F2 /* Main */,
				43A9F47226AC540B00A1F2CB /* Write */,
			);
			path = Scenes;
			sourceTree = "<group>";
		};
		43B3A4E926AA63EB00F516F2 /* Main */ = {
			isa = PBXGroup;
			children = (
				43A9F46626AC235700A1F2CB /* Cell */,
				43A9F43726AA84A900A1F2CB /* Main.storyboard */,
				43C30B0426AA668000D91739 /* MainViewController.swift */,
				43A9F42F26AA7B1800A1F2CB /* MainViewModel.swift */,
			);
			path = Main;
			sourceTree = "<group>";
		};
		43B3A4EA26AA63F400F516F2 /* Detail */ = {
			isa = PBXGroup;
			children = (
				43A9F46526AC235000A1F2CB /* Cell */,
				43C30AFD26AA65CE00D91739 /* Detail.storyboard */,
				43C30B0226AA667700D91739 /* DetailViewController.swift */,
				43A9F43126AA7EB100A1F2CB /* DetailViewModel.swift */,
			);
			path = Detail;
			sourceTree = "<group>";
		};
		43C30AFF26AA65ED00D91739 /* Coordinator */ = {
			isa = PBXGroup;
			children = (
				43A9F42D26AA7A5C00A1F2CB /* AppCoordinator.swift */,
				43A9F42926AA756600A1F2CB /* Coordinator.swift */,
				43A9F42226AA682700A1F2CB /* DetailCoordinator.swift */,
				43A9F43326AA7FAE00A1F2CB /* LoginCoordinator.swift */,
				43A9F42726AA74DC00A1F2CB /* MainCoordinator.swift */,
				43A9F45026ABF06B00A1F2CB /* RegisterCoordinator.swift */,
				43A9F47326AC56FA00A1F2CB /* WriteCoordinator.swift */,
			);
			path = Coordinator;
			sourceTree = "<group>";
		};
		AC04FE98C481133219EAFA69 /* Frameworks */ = {
			isa = PBXGroup;
			children = (
				45914A2F683ACE63FDE9F79A /* Pods_CarrotClone.framework */,
				13353F49A9F88C913F15621C /* Pods_CarrotClone_CarrotCloneUITests.framework */,
				07EFF5A8711119884E941611 /* Pods_CarrotCloneTests.framework */,
			);
			name = Frameworks;
			sourceTree = "<group>";
		};
		D773356963CAC856A0F0B54D /* Pods */ = {
			isa = PBXGroup;
			children = (
				3EF06B9F26FD233D3F7AA6EA /* Pods-CarrotClone.debug.xcconfig */,
				947C8628019A847486785475 /* Pods-CarrotClone.release.xcconfig */,
				FC65C24785F6ED0814948C04 /* Pods-CarrotClone-CarrotCloneUITests.debug.xcconfig */,
				EAACF7B449A1AD18A1DA6C05 /* Pods-CarrotClone-CarrotCloneUITests.release.xcconfig */,
				CD295761A61E1B4390C00107 /* Pods-CarrotCloneTests.debug.xcconfig */,
				0C7A772BBCA7AF9CB6D222C7 /* Pods-CarrotCloneTests.release.xcconfig */,
			);
			path = Pods;
			sourceTree = "<group>";
		};
/* End PBXGroup section */

/* Begin PBXNativeTarget section */
		43B3A4AD26AA634000F516F2 /* CarrotClone */ = {
			isa = PBXNativeTarget;
			buildConfigurationList = 43B3A4D826AA634000F516F2 /* Build configuration list for PBXNativeTarget "CarrotClone" */;
			buildPhases = (
				277F275E80FB4DB27572586B /* [CP] Check Pods Manifest.lock */,
				43B3A4AA26AA634000F516F2 /* Sources */,
				43B3A4AB26AA634000F516F2 /* Frameworks */,
				43B3A4AC26AA634000F516F2 /* Resources */,
				F17B30EED9B121C9F3A55A62 /* [CP] Embed Pods Frameworks */,
			);
			buildRules = (
			);
			dependencies = (
			);
			name = CarrotClone;
			productName = CarrotClone;
			productReference = 43B3A4AE26AA634000F516F2 /* CarrotClone.app */;
			productType = "com.apple.product-type.application";
		};
		43B3A4C326AA634000F516F2 /* CarrotCloneTests */ = {
			isa = PBXNativeTarget;
			buildConfigurationList = 43B3A4DB26AA634000F516F2 /* Build configuration list for PBXNativeTarget "CarrotCloneTests" */;
			buildPhases = (
				16509B880421098C17CF6763 /* [CP] Check Pods Manifest.lock */,
				43B3A4C026AA634000F516F2 /* Sources */,
				43B3A4C126AA634000F516F2 /* Frameworks */,
				43B3A4C226AA634000F516F2 /* Resources */,
			);
			buildRules = (
			);
			dependencies = (
				43B3A4C626AA634000F516F2 /* PBXTargetDependency */,
			);
			name = CarrotCloneTests;
			productName = CarrotCloneTests;
			productReference = 43B3A4C426AA634000F516F2 /* CarrotCloneTests.xctest */;
			productType = "com.apple.product-type.bundle.unit-test";
		};
		43B3A4CE26AA634000F516F2 /* CarrotCloneUITests */ = {
			isa = PBXNativeTarget;
			buildConfigurationList = 43B3A4DE26AA634000F516F2 /* Build configuration list for PBXNativeTarget "CarrotCloneUITests" */;
			buildPhases = (
				05D9C4BCAC68584D95EA566C /* [CP] Check Pods Manifest.lock */,
				43B3A4CB26AA634000F516F2 /* Sources */,
				43B3A4CC26AA634000F516F2 /* Frameworks */,
				43B3A4CD26AA634000F516F2 /* Resources */,
				A5AA18CBBCB3E9B90516974D /* [CP] Embed Pods Frameworks */,
			);
			buildRules = (
			);
			dependencies = (
				43B3A4D126AA634000F516F2 /* PBXTargetDependency */,
			);
			name = CarrotCloneUITests;
			productName = CarrotCloneUITests;
			productReference = 43B3A4CF26AA634000F516F2 /* CarrotCloneUITests.xctest */;
			productType = "com.apple.product-type.bundle.ui-testing";
		};
/* End PBXNativeTarget section */

/* Begin PBXProject section */
		43B3A4A626AA634000F516F2 /* Project object */ = {
			isa = PBXProject;
			attributes = {
				LastSwiftUpdateCheck = 1250;
				LastUpgradeCheck = 1250;
				TargetAttributes = {
					43B3A4AD26AA634000F516F2 = {
						CreatedOnToolsVersion = 12.5;
					};
					43B3A4C326AA634000F516F2 = {
						CreatedOnToolsVersion = 12.5;
						TestTargetID = 43B3A4AD26AA634000F516F2;
					};
					43B3A4CE26AA634000F516F2 = {
						CreatedOnToolsVersion = 12.5;
						TestTargetID = 43B3A4AD26AA634000F516F2;
					};
				};
			};
			buildConfigurationList = 43B3A4A926AA634000F516F2 /* Build configuration list for PBXProject "CarrotClone" */;
			compatibilityVersion = "Xcode 9.3";
			developmentRegion = en;
			hasScannedForEncodings = 0;
			knownRegions = (
				en,
				Base,
			);
			mainGroup = 43B3A4A526AA634000F516F2;
			productRefGroup = 43B3A4AF26AA634000F516F2 /* Products */;
			projectDirPath = "";
			projectRoot = "";
			targets = (
				43B3A4AD26AA634000F516F2 /* CarrotClone */,
				43B3A4C326AA634000F516F2 /* CarrotCloneTests */,
				43B3A4CE26AA634000F516F2 /* CarrotCloneUITests */,
			);
		};
/* End PBXProject section */

/* Begin PBXResourcesBuildPhase section */
		43B3A4AC26AA634000F516F2 /* Resources */ = {
			isa = PBXResourcesBuildPhase;
			buildActionMask = 2147483647;
			files = (
				43B3A4BE26AA634000F516F2 /* LaunchScreen.storyboard in Resources */,
				43B3A4EC26AA642300F516F2 /* GoogleService-Info.plist in Resources */,
				43A9F47A26AC576A00A1F2CB /* Write.storyboard in Resources */,
				43A9F44F26ABF03900A1F2CB /* Register.storyboard in Resources */,
				43A9F42626AA74BC00A1F2CB /* Login.storyboard in Resources */,
				43A9F43826AA84A900A1F2CB /* Main.storyboard in Resources */,
				43B3A4BB26AA634000F516F2 /* Assets.xcassets in Resources */,
				43C30AFE26AA65CE00D91739 /* Detail.storyboard in Resources */,
			);
			runOnlyForDeploymentPostprocessing = 0;
		};
		43B3A4C226AA634000F516F2 /* Resources */ = {
			isa = PBXResourcesBuildPhase;
			buildActionMask = 2147483647;
			files = (
				43B3A4ED26AA642300F516F2 /* GoogleService-Info.plist in Resources */,
			);
			runOnlyForDeploymentPostprocessing = 0;
		};
		43B3A4CD26AA634000F516F2 /* Resources */ = {
			isa = PBXResourcesBuildPhase;
			buildActionMask = 2147483647;
			files = (
				43B3A4EE26AA642300F516F2 /* GoogleService-Info.plist in Resources */,
			);
			runOnlyForDeploymentPostprocessing = 0;
		};
/* End PBXResourcesBuildPhase section */

/* Begin PBXShellScriptBuildPhase section */
		05D9C4BCAC68584D95EA566C /* [CP] Check Pods Manifest.lock */ = {
			isa = PBXShellScriptBuildPhase;
			buildActionMask = 2147483647;
			files = (
			);
			inputFileListPaths = (
			);
			inputPaths = (
				"${PODS_PODFILE_DIR_PATH}/Podfile.lock",
				"${PODS_ROOT}/Manifest.lock",
			);
			name = "[CP] Check Pods Manifest.lock";
			outputFileListPaths = (
			);
			outputPaths = (
				"$(DERIVED_FILE_DIR)/Pods-CarrotClone-CarrotCloneUITests-checkManifestLockResult.txt",
			);
			runOnlyForDeploymentPostprocessing = 0;
			shellPath = /bin/sh;
			shellScript = "diff \"${PODS_PODFILE_DIR_PATH}/Podfile.lock\" \"${PODS_ROOT}/Manifest.lock\" > /dev/null\nif [ $? != 0 ] ; then\n    # print error to STDERR\n    echo \"error: The sandbox is not in sync with the Podfile.lock. Run 'pod install' or update your CocoaPods installation.\" >&2\n    exit 1\nfi\n# This output is used by Xcode 'outputs' to avoid re-running this script phase.\necho \"SUCCESS\" > \"${SCRIPT_OUTPUT_FILE_0}\"\n";
			showEnvVarsInLog = 0;
		};
		16509B880421098C17CF6763 /* [CP] Check Pods Manifest.lock */ = {
			isa = PBXShellScriptBuildPhase;
			buildActionMask = 2147483647;
			files = (
			);
			inputFileListPaths = (
			);
			inputPaths = (
				"${PODS_PODFILE_DIR_PATH}/Podfile.lock",
				"${PODS_ROOT}/Manifest.lock",
			);
			name = "[CP] Check Pods Manifest.lock";
			outputFileListPaths = (
			);
			outputPaths = (
				"$(DERIVED_FILE_DIR)/Pods-CarrotCloneTests-checkManifestLockResult.txt",
			);
			runOnlyForDeploymentPostprocessing = 0;
			shellPath = /bin/sh;
			shellScript = "diff \"${PODS_PODFILE_DIR_PATH}/Podfile.lock\" \"${PODS_ROOT}/Manifest.lock\" > /dev/null\nif [ $? != 0 ] ; then\n    # print error to STDERR\n    echo \"error: The sandbox is not in sync with the Podfile.lock. Run 'pod install' or update your CocoaPods installation.\" >&2\n    exit 1\nfi\n# This output is used by Xcode 'outputs' to avoid re-running this script phase.\necho \"SUCCESS\" > \"${SCRIPT_OUTPUT_FILE_0}\"\n";
			showEnvVarsInLog = 0;
		};
		277F275E80FB4DB27572586B /* [CP] Check Pods Manifest.lock */ = {
			isa = PBXShellScriptBuildPhase;
			buildActionMask = 2147483647;
			files = (
			);
			inputFileListPaths = (
			);
			inputPaths = (
				"${PODS_PODFILE_DIR_PATH}/Podfile.lock",
				"${PODS_ROOT}/Manifest.lock",
			);
			name = "[CP] Check Pods Manifest.lock";
			outputFileListPaths = (
			);
			outputPaths = (
				"$(DERIVED_FILE_DIR)/Pods-CarrotClone-checkManifestLockResult.txt",
			);
			runOnlyForDeploymentPostprocessing = 0;
			shellPath = /bin/sh;
			shellScript = "diff \"${PODS_PODFILE_DIR_PATH}/Podfile.lock\" \"${PODS_ROOT}/Manifest.lock\" > /dev/null\nif [ $? != 0 ] ; then\n    # print error to STDERR\n    echo \"error: The sandbox is not in sync with the Podfile.lock. Run 'pod install' or update your CocoaPods installation.\" >&2\n    exit 1\nfi\n# This output is used by Xcode 'outputs' to avoid re-running this script phase.\necho \"SUCCESS\" > \"${SCRIPT_OUTPUT_FILE_0}\"\n";
			showEnvVarsInLog = 0;
		};
		A5AA18CBBCB3E9B90516974D /* [CP] Embed Pods Frameworks */ = {
			isa = PBXShellScriptBuildPhase;
			buildActionMask = 2147483647;
			files = (
			);
			inputFileListPaths = (
				"${PODS_ROOT}/Target Support Files/Pods-CarrotClone-CarrotCloneUITests/Pods-CarrotClone-CarrotCloneUITests-frameworks-${CONFIGURATION}-input-files.xcfilelist",
			);
			name = "[CP] Embed Pods Frameworks";
			outputFileListPaths = (
				"${PODS_ROOT}/Target Support Files/Pods-CarrotClone-CarrotCloneUITests/Pods-CarrotClone-CarrotCloneUITests-frameworks-${CONFIGURATION}-output-files.xcfilelist",
			);
			runOnlyForDeploymentPostprocessing = 0;
			shellPath = /bin/sh;
			shellScript = "\"${PODS_ROOT}/Target Support Files/Pods-CarrotClone-CarrotCloneUITests/Pods-CarrotClone-CarrotCloneUITests-frameworks.sh\"\n";
			showEnvVarsInLog = 0;
		};
		F17B30EED9B121C9F3A55A62 /* [CP] Embed Pods Frameworks */ = {
			isa = PBXShellScriptBuildPhase;
			buildActionMask = 2147483647;
			files = (
			);
			inputFileListPaths = (
				"${PODS_ROOT}/Target Support Files/Pods-CarrotClone/Pods-CarrotClone-frameworks-${CONFIGURATION}-input-files.xcfilelist",
			);
			name = "[CP] Embed Pods Frameworks";
			outputFileListPaths = (
				"${PODS_ROOT}/Target Support Files/Pods-CarrotClone/Pods-CarrotClone-frameworks-${CONFIGURATION}-output-files.xcfilelist",
			);
			runOnlyForDeploymentPostprocessing = 0;
			shellPath = /bin/sh;
			shellScript = "\"${PODS_ROOT}/Target Support Files/Pods-CarrotClone/Pods-CarrotClone-frameworks.sh\"\n";
			showEnvVarsInLog = 0;
		};
/* End PBXShellScriptBuildPhase section */

/* Begin PBXSourcesBuildPhase section */
		43B3A4AA26AA634000F516F2 /* Sources */ = {
			isa = PBXSourcesBuildPhase;
			buildActionMask = 2147483647;
			files = (
				43B3A4B226AA634000F516F2 /* AppDelegate.swift in Sources */,
				43B3A4B426AA634000F516F2 /* SceneDelegate.swift in Sources */,
				43A9F44126AA938800A1F2CB /* ExString.swift in Sources */,
				43A9F46C26AC23A100A1F2CB /* PictureCell.swift in Sources */,
				43A9F46A26AC238C00A1F2CB /* ContentCell.swift in Sources */,
				43C30B0326AA667700D91739 /* DetailViewController.swift in Sources */,
				43A9F45E26AC042100A1F2CB /* LoginService.swift in Sources */,
				43A9F44526AAACF600A1F2CB /* BaseFireBaseManager.swift in Sources */,
				43A9F42326AA682700A1F2CB /* DetailCoordinator.swift in Sources */,
				43A9F46E26AC23AE00A1F2CB /* CommentCell.swift in Sources */,
				43A9F42C26AA775600A1F2CB /* LoginViewController.swift in Sources */,
				43A9F45326ABF3F200A1F2CB /* ImageFireBaseManager.swift in Sources */,
				43A9F44326AAABBD00A1F2CB /* ExDate.swift in Sources */,
				43A9F43A26AA8CE000A1F2CB /* Post.swift in Sources */,
				43A9F44D26ABF02D00A1F2CB /* RegisterViewController.swift in Sources */,
				43A9F47626AC574C00A1F2CB /* WriteViewModel.swift in Sources */,
				43A9F45A26ABFF2400A1F2CB /* UserFireBaseManager.swift in Sources */,
				43A9F43026AA7B1800A1F2CB /* MainViewModel.swift in Sources */,
				43A9F43426AA7FAE00A1F2CB /* LoginCoordinator.swift in Sources */,
				43A9F44926ABEFE900A1F2CB /* RegisterViewModel.swift in Sources */,
				43A9F47826AC576000A1F2CB /* WriteViewController.swift in Sources */,
				43A9F45126ABF06B00A1F2CB /* RegisterCoordinator.swift in Sources */,
				43A9F46826AC237F00A1F2CB /* WriterCell.swift in Sources */,
				43A9F43C26AA8CE900A1F2CB /* User.swift in Sources */,
				43A9F42826AA74DC00A1F2CB /* MainCoordinator.swift in Sources */,
				43A9F43626AA7FD800A1F2CB /* LoginViewModel.swift in Sources */,
				43A9F46226AC043C00A1F2CB /* PostService.swift in Sources */,
				43A9F42E26AA7A5C00A1F2CB /* AppCoordinator.swift in Sources */,
				43A9F47126AC46F800A1F2CB /* UserDefaults.swift in Sources */,
				43C30B0526AA668000D91739 /* MainViewController.swift in Sources */,
				43A9F43226AA7EB100A1F2CB /* DetailViewModel.swift in Sources */,
				43A9F44726AAAD3D00A1F2CB /* PostFireBaseManager.swift in Sources */,
				43A9F42A26AA756600A1F2CB /* Coordinator.swift in Sources */,
				43A9F45626ABFB7C00A1F2CB /* AlertPresenter.swift in Sources */,
				43A9F47426AC56FA00A1F2CB /* WriteCoordinator.swift in Sources */,
				43A9F46026AC042D00A1F2CB /* RegisterService.swift in Sources */,
				43A9F45826ABFB9200A1F2CB /* AlertPresenterProtocol.swift in Sources */,
				43A9F46426AC1E6800A1F2CB /* PostCell.swift in Sources */,
				43A9F47C26AC915200A1F2CB /* ImageCell.swift in Sources */,
			);
			runOnlyForDeploymentPostprocessing = 0;
		};
		43B3A4C026AA634000F516F2 /* Sources */ = {
			isa = PBXSourcesBuildPhase;
			buildActionMask = 2147483647;
			files = (
				43B3A4C926AA634000F516F2 /* CarrotCloneTests.swift in Sources */,
			);
			runOnlyForDeploymentPostprocessing = 0;
		};
		43B3A4CB26AA634000F516F2 /* Sources */ = {
			isa = PBXSourcesBuildPhase;
			buildActionMask = 2147483647;
			files = (
				43B3A4D426AA634000F516F2 /* CarrotCloneUITests.swift in Sources */,
			);
			runOnlyForDeploymentPostprocessing = 0;
		};
/* End PBXSourcesBuildPhase section */

/* Begin PBXTargetDependency section */
		43B3A4C626AA634000F516F2 /* PBXTargetDependency */ = {
			isa = PBXTargetDependency;
			target = 43B3A4AD26AA634000F516F2 /* CarrotClone */;
			targetProxy = 43B3A4C526AA634000F516F2 /* PBXContainerItemProxy */;
		};
		43B3A4D126AA634000F516F2 /* PBXTargetDependency */ = {
			isa = PBXTargetDependency;
			target = 43B3A4AD26AA634000F516F2 /* CarrotClone */;
			targetProxy = 43B3A4D026AA634000F516F2 /* PBXContainerItemProxy */;
		};
/* End PBXTargetDependency section */

/* Begin PBXVariantGroup section */
		43B3A4BC26AA634000F516F2 /* LaunchScreen.storyboard */ = {
			isa = PBXVariantGroup;
			children = (
				43B3A4BD26AA634000F516F2 /* Base */,
			);
			name = LaunchScreen.storyboard;
			sourceTree = "<group>";
		};
/* End PBXVariantGroup section */

/* Begin XCBuildConfiguration section */
		43B3A4D626AA634000F516F2 /* Debug */ = {
			isa = XCBuildConfiguration;
			buildSettings = {
				ALWAYS_SEARCH_USER_PATHS = NO;
				CLANG_ANALYZER_NONNULL = YES;
				CLANG_ANALYZER_NUMBER_OBJECT_CONVERSION = YES_AGGRESSIVE;
				CLANG_CXX_LANGUAGE_STANDARD = "gnu++14";
				CLANG_CXX_LIBRARY = "libc++";
				CLANG_ENABLE_MODULES = YES;
				CLANG_ENABLE_OBJC_ARC = YES;
				CLANG_ENABLE_OBJC_WEAK = YES;
				CLANG_WARN_BLOCK_CAPTURE_AUTORELEASING = YES;
				CLANG_WARN_BOOL_CONVERSION = YES;
				CLANG_WARN_COMMA = YES;
				CLANG_WARN_CONSTANT_CONVERSION = YES;
				CLANG_WARN_DEPRECATED_OBJC_IMPLEMENTATIONS = YES;
				CLANG_WARN_DIRECT_OBJC_ISA_USAGE = YES_ERROR;
				CLANG_WARN_DOCUMENTATION_COMMENTS = YES;
				CLANG_WARN_EMPTY_BODY = YES;
				CLANG_WARN_ENUM_CONVERSION = YES;
				CLANG_WARN_INFINITE_RECURSION = YES;
				CLANG_WARN_INT_CONVERSION = YES;
				CLANG_WARN_NON_LITERAL_NULL_CONVERSION = YES;
				CLANG_WARN_OBJC_IMPLICIT_RETAIN_SELF = YES;
				CLANG_WARN_OBJC_LITERAL_CONVERSION = YES;
				CLANG_WARN_OBJC_ROOT_CLASS = YES_ERROR;
				CLANG_WARN_QUOTED_INCLUDE_IN_FRAMEWORK_HEADER = YES;
				CLANG_WARN_RANGE_LOOP_ANALYSIS = YES;
				CLANG_WARN_STRICT_PROTOTYPES = YES;
				CLANG_WARN_SUSPICIOUS_MOVE = YES;
				CLANG_WARN_UNGUARDED_AVAILABILITY = YES_AGGRESSIVE;
				CLANG_WARN_UNREACHABLE_CODE = YES;
				CLANG_WARN__DUPLICATE_METHOD_MATCH = YES;
				COPY_PHASE_STRIP = NO;
				DEBUG_INFORMATION_FORMAT = dwarf;
				ENABLE_BITCODE = NO;
				ENABLE_STRICT_OBJC_MSGSEND = YES;
				ENABLE_TESTABILITY = YES;
				GCC_C_LANGUAGE_STANDARD = gnu11;
				GCC_DYNAMIC_NO_PIC = NO;
				GCC_NO_COMMON_BLOCKS = YES;
				GCC_OPTIMIZATION_LEVEL = 0;
				GCC_PREPROCESSOR_DEFINITIONS = (
					"DEBUG=1",
					"$(inherited)",
				);
				GCC_WARN_64_TO_32_BIT_CONVERSION = YES;
				GCC_WARN_ABOUT_RETURN_TYPE = YES_ERROR;
				GCC_WARN_UNDECLARED_SELECTOR = YES;
				GCC_WARN_UNINITIALIZED_AUTOS = YES_AGGRESSIVE;
				GCC_WARN_UNUSED_FUNCTION = YES;
				GCC_WARN_UNUSED_VARIABLE = YES;
				IPHONEOS_DEPLOYMENT_TARGET = 14.5;
				MTL_ENABLE_DEBUG_INFO = INCLUDE_SOURCE;
				MTL_FAST_MATH = YES;
				ONLY_ACTIVE_ARCH = YES;
				SDKROOT = iphoneos;
				SWIFT_ACTIVE_COMPILATION_CONDITIONS = DEBUG;
				SWIFT_OPTIMIZATION_LEVEL = "-Onone";
			};
			name = Debug;
		};
		43B3A4D726AA634000F516F2 /* Release */ = {
			isa = XCBuildConfiguration;
			buildSettings = {
				ALWAYS_SEARCH_USER_PATHS = NO;
				CLANG_ANALYZER_NONNULL = YES;
				CLANG_ANALYZER_NUMBER_OBJECT_CONVERSION = YES_AGGRESSIVE;
				CLANG_CXX_LANGUAGE_STANDARD = "gnu++14";
				CLANG_CXX_LIBRARY = "libc++";
				CLANG_ENABLE_MODULES = YES;
				CLANG_ENABLE_OBJC_ARC = YES;
				CLANG_ENABLE_OBJC_WEAK = YES;
				CLANG_WARN_BLOCK_CAPTURE_AUTORELEASING = YES;
				CLANG_WARN_BOOL_CONVERSION = YES;
				CLANG_WARN_COMMA = YES;
				CLANG_WARN_CONSTANT_CONVERSION = YES;
				CLANG_WARN_DEPRECATED_OBJC_IMPLEMENTATIONS = YES;
				CLANG_WARN_DIRECT_OBJC_ISA_USAGE = YES_ERROR;
				CLANG_WARN_DOCUMENTATION_COMMENTS = YES;
				CLANG_WARN_EMPTY_BODY = YES;
				CLANG_WARN_ENUM_CONVERSION = YES;
				CLANG_WARN_INFINITE_RECURSION = YES;
				CLANG_WARN_INT_CONVERSION = YES;
				CLANG_WARN_NON_LITERAL_NULL_CONVERSION = YES;
				CLANG_WARN_OBJC_IMPLICIT_RETAIN_SELF = YES;
				CLANG_WARN_OBJC_LITERAL_CONVERSION = YES;
				CLANG_WARN_OBJC_ROOT_CLASS = YES_ERROR;
				CLANG_WARN_QUOTED_INCLUDE_IN_FRAMEWORK_HEADER = YES;
				CLANG_WARN_RANGE_LOOP_ANALYSIS = YES;
				CLANG_WARN_STRICT_PROTOTYPES = YES;
				CLANG_WARN_SUSPICIOUS_MOVE = YES;
				CLANG_WARN_UNGUARDED_AVAILABILITY = YES_AGGRESSIVE;
				CLANG_WARN_UNREACHABLE_CODE = YES;
				CLANG_WARN__DUPLICATE_METHOD_MATCH = YES;
				COPY_PHASE_STRIP = NO;
				DEBUG_INFORMATION_FORMAT = "dwarf-with-dsym";
				ENABLE_BITCODE = NO;
				ENABLE_NS_ASSERTIONS = NO;
				ENABLE_STRICT_OBJC_MSGSEND = YES;
				GCC_C_LANGUAGE_STANDARD = gnu11;
				GCC_NO_COMMON_BLOCKS = YES;
				GCC_WARN_64_TO_32_BIT_CONVERSION = YES;
				GCC_WARN_ABOUT_RETURN_TYPE = YES_ERROR;
				GCC_WARN_UNDECLARED_SELECTOR = YES;
				GCC_WARN_UNINITIALIZED_AUTOS = YES_AGGRESSIVE;
				GCC_WARN_UNUSED_FUNCTION = YES;
				GCC_WARN_UNUSED_VARIABLE = YES;
				IPHONEOS_DEPLOYMENT_TARGET = 14.5;
				MTL_ENABLE_DEBUG_INFO = NO;
				MTL_FAST_MATH = YES;
				SDKROOT = iphoneos;
				SWIFT_COMPILATION_MODE = wholemodule;
				SWIFT_OPTIMIZATION_LEVEL = "-O";
				VALIDATE_PRODUCT = YES;
			};
			name = Release;
		};
		43B3A4D926AA634000F516F2 /* Debug */ = {
			isa = XCBuildConfiguration;
			baseConfigurationReference = 3EF06B9F26FD233D3F7AA6EA /* Pods-CarrotClone.debug.xcconfig */;
			buildSettings = {
				ASSETCATALOG_COMPILER_APPICON_NAME = AppIcon;
				ASSETCATALOG_COMPILER_GLOBAL_ACCENT_COLOR_NAME = AccentColor;
				CODE_SIGN_STYLE = Automatic;
				DEVELOPMENT_TEAM = A58343K98Z;
				INFOPLIST_FILE = CarrotClone/Info.plist;
				LD_RUNPATH_SEARCH_PATHS = (
					"$(inherited)",
					"@executable_path/Frameworks",
				);
				PRODUCT_BUNDLE_IDENTIFIER = com.jihyun.CarrotClone;
				PRODUCT_NAME = "$(TARGET_NAME)";
				SWIFT_VERSION = 5.0;
				TARGETED_DEVICE_FAMILY = "1,2";
			};
			name = Debug;
		};
		43B3A4DA26AA634000F516F2 /* Release */ = {
			isa = XCBuildConfiguration;
			baseConfigurationReference = 947C8628019A847486785475 /* Pods-CarrotClone.release.xcconfig */;
			buildSettings = {
				ASSETCATALOG_COMPILER_APPICON_NAME = AppIcon;
				ASSETCATALOG_COMPILER_GLOBAL_ACCENT_COLOR_NAME = AccentColor;
				CODE_SIGN_STYLE = Automatic;
				DEVELOPMENT_TEAM = A58343K98Z;
				INFOPLIST_FILE = CarrotClone/Info.plist;
				LD_RUNPATH_SEARCH_PATHS = (
					"$(inherited)",
					"@executable_path/Frameworks",
				);
				PRODUCT_BUNDLE_IDENTIFIER = com.jihyun.CarrotClone;
				PRODUCT_NAME = "$(TARGET_NAME)";
				SWIFT_VERSION = 5.0;
				TARGETED_DEVICE_FAMILY = "1,2";
			};
			name = Release;
		};
		43B3A4DC26AA634000F516F2 /* Debug */ = {
			isa = XCBuildConfiguration;
			baseConfigurationReference = CD295761A61E1B4390C00107 /* Pods-CarrotCloneTests.debug.xcconfig */;
			buildSettings = {
				ALWAYS_EMBED_SWIFT_STANDARD_LIBRARIES = YES;
				BUNDLE_LOADER = "$(TEST_HOST)";
				CODE_SIGN_STYLE = Automatic;
				DEVELOPMENT_TEAM = A58343K98Z;
				INFOPLIST_FILE = CarrotCloneTests/Info.plist;
				IPHONEOS_DEPLOYMENT_TARGET = 14.5;
				LD_RUNPATH_SEARCH_PATHS = (
					"$(inherited)",
					"@executable_path/Frameworks",
					"@loader_path/Frameworks",
				);
				PRODUCT_BUNDLE_IDENTIFIER = com.jihyun.CarrotCloneTests;
				PRODUCT_NAME = "$(TARGET_NAME)";
				SWIFT_VERSION = 5.0;
				TARGETED_DEVICE_FAMILY = "1,2";
				TEST_HOST = "$(BUILT_PRODUCTS_DIR)/CarrotClone.app/CarrotClone";
			};
			name = Debug;
		};
		43B3A4DD26AA634000F516F2 /* Release */ = {
			isa = XCBuildConfiguration;
			baseConfigurationReference = 0C7A772BBCA7AF9CB6D222C7 /* Pods-CarrotCloneTests.release.xcconfig */;
			buildSettings = {
				ALWAYS_EMBED_SWIFT_STANDARD_LIBRARIES = YES;
				BUNDLE_LOADER = "$(TEST_HOST)";
				CODE_SIGN_STYLE = Automatic;
				DEVELOPMENT_TEAM = A58343K98Z;
				INFOPLIST_FILE = CarrotCloneTests/Info.plist;
				IPHONEOS_DEPLOYMENT_TARGET = 14.5;
				LD_RUNPATH_SEARCH_PATHS = (
					"$(inherited)",
					"@executable_path/Frameworks",
					"@loader_path/Frameworks",
				);
				PRODUCT_BUNDLE_IDENTIFIER = com.jihyun.CarrotCloneTests;
				PRODUCT_NAME = "$(TARGET_NAME)";
				SWIFT_VERSION = 5.0;
				TARGETED_DEVICE_FAMILY = "1,2";
				TEST_HOST = "$(BUILT_PRODUCTS_DIR)/CarrotClone.app/CarrotClone";
			};
			name = Release;
		};
		43B3A4DF26AA634000F516F2 /* Debug */ = {
			isa = XCBuildConfiguration;
			baseConfigurationReference = FC65C24785F6ED0814948C04 /* Pods-CarrotClone-CarrotCloneUITests.debug.xcconfig */;
			buildSettings = {
				ALWAYS_EMBED_SWIFT_STANDARD_LIBRARIES = YES;
				CODE_SIGN_STYLE = Automatic;
				DEVELOPMENT_TEAM = A58343K98Z;
				INFOPLIST_FILE = CarrotCloneUITests/Info.plist;
				LD_RUNPATH_SEARCH_PATHS = (
					"$(inherited)",
					"@executable_path/Frameworks",
					"@loader_path/Frameworks",
				);
				PRODUCT_BUNDLE_IDENTIFIER = com.jihyun.CarrotCloneUITests;
				PRODUCT_NAME = "$(TARGET_NAME)";
				SWIFT_VERSION = 5.0;
				TARGETED_DEVICE_FAMILY = "1,2";
				TEST_TARGET_NAME = CarrotClone;
			};
			name = Debug;
		};
		43B3A4E026AA634000F516F2 /* Release */ = {
			isa = XCBuildConfiguration;
			baseConfigurationReference = EAACF7B449A1AD18A1DA6C05 /* Pods-CarrotClone-CarrotCloneUITests.release.xcconfig */;
			buildSettings = {
				ALWAYS_EMBED_SWIFT_STANDARD_LIBRARIES = YES;
				CODE_SIGN_STYLE = Automatic;
				DEVELOPMENT_TEAM = A58343K98Z;
				INFOPLIST_FILE = CarrotCloneUITests/Info.plist;
				LD_RUNPATH_SEARCH_PATHS = (
					"$(inherited)",
					"@executable_path/Frameworks",
					"@loader_path/Frameworks",
				);
				PRODUCT_BUNDLE_IDENTIFIER = com.jihyun.CarrotCloneUITests;
				PRODUCT_NAME = "$(TARGET_NAME)";
				SWIFT_VERSION = 5.0;
				TARGETED_DEVICE_FAMILY = "1,2";
				TEST_TARGET_NAME = CarrotClone;
			};
			name = Release;
		};
/* End XCBuildConfiguration section */

/* Begin XCConfigurationList section */
		43B3A4A926AA634000F516F2 /* Build configuration list for PBXProject "CarrotClone" */ = {
			isa = XCConfigurationList;
			buildConfigurations = (
				43B3A4D626AA634000F516F2 /* Debug */,
				43B3A4D726AA634000F516F2 /* Release */,
			);
			defaultConfigurationIsVisible = 0;
			defaultConfigurationName = Release;
		};
		43B3A4D826AA634000F516F2 /* Build configuration list for PBXNativeTarget "CarrotClone" */ = {
			isa = XCConfigurationList;
			buildConfigurations = (
				43B3A4D926AA634000F516F2 /* Debug */,
				43B3A4DA26AA634000F516F2 /* Release */,
			);
			defaultConfigurationIsVisible = 0;
			defaultConfigurationName = Release;
		};
		43B3A4DB26AA634000F516F2 /* Build configuration list for PBXNativeTarget "CarrotCloneTests" */ = {
			isa = XCConfigurationList;
			buildConfigurations = (
				43B3A4DC26AA634000F516F2 /* Debug */,
				43B3A4DD26AA634000F516F2 /* Release */,
			);
			defaultConfigurationIsVisible = 0;
			defaultConfigurationName = Release;
		};
		43B3A4DE26AA634000F516F2 /* Build configuration list for PBXNativeTarget "CarrotCloneUITests" */ = {
			isa = XCConfigurationList;
			buildConfigurations = (
				43B3A4DF26AA634000F516F2 /* Debug */,
				43B3A4E026AA634000F516F2 /* Release */,
			);
			defaultConfigurationIsVisible = 0;
			defaultConfigurationName = Release;
		};
/* End XCConfigurationList section */
	};
	rootObject = 43B3A4A626AA634000F516F2 /* Project object */;
}
