// !$*UTF8*$!
{
	archiveVersion = 1;
	classes = {
	};
	objectVersion = 51;
	objects = {

/* Begin PBXBuildFile section */
		4300AC4726A7F49600B67B2A /* MainViewController.swift in Sources */ = {isa = PBXBuildFile; fileRef = 4300AC4626A7F49600B67B2A /* MainViewController.swift */; };
		43DC6E5126985E4B001018B3 /* AppDelegate.swift in Sources */ = {isa = PBXBuildFile; fileRef = 43DC6E5026985E4B001018B3 /* AppDelegate.swift */; };
		43DC6E5326985E4B001018B3 /* SceneDelegate.swift in Sources */ = {isa = PBXBuildFile; fileRef = 43DC6E5226985E4B001018B3 /* SceneDelegate.swift */; };
		43DC6E5A26985E4B001018B3 /* Assets.xcassets in Resources */ = {isa = PBXBuildFile; fileRef = 43DC6E5926985E4B001018B3 /* Assets.xcassets */; };
		43DC6E5D26985E4B001018B3 /* LaunchScreen.storyboard in Resources */ = {isa = PBXBuildFile; fileRef = 43DC6E5B26985E4B001018B3 /* LaunchScreen.storyboard */; };
		43DC6E6826985E4B001018B3 /* CarrotCloneTests.swift in Sources */ = {isa = PBXBuildFile; fileRef = 43DC6E6726985E4B001018B3 /* CarrotCloneTests.swift */; };
		43DC6E7326985E4B001018B3 /* CarrotCloneUITests.swift in Sources */ = {isa = PBXBuildFile; fileRef = 43DC6E7226985E4B001018B3 /* CarrotCloneUITests.swift */; };
		43DC6E8D269869F9001018B3 /* GoogleService-Info.plist in Resources */ = {isa = PBXBuildFile; fileRef = 43DC6E8C269869F9001018B3 /* GoogleService-Info.plist */; };
		4DC2BDEF6393FF26AF669190 /* Pods_CarrotCloneTests.framework in Frameworks */ = {isa = PBXBuildFile; fileRef = 9EB5DE013543FBF89C3CC49F /* Pods_CarrotCloneTests.framework */; };
		6A8CBC21ABD0B17CF96ED995 /* Pods_CarrotClone_CarrotCloneUITests.framework in Frameworks */ = {isa = PBXBuildFile; fileRef = 977EE24BE393B70E196DB8EB /* Pods_CarrotClone_CarrotCloneUITests.framework */; };
		D9DA1790F4FC17A5BA99A2B8 /* Pods_CarrotClone.framework in Frameworks */ = {isa = PBXBuildFile; fileRef = 45CF9A5AC09C8179515ABE32 /* Pods_CarrotClone.framework */; };
/* End PBXBuildFile section */

/* Begin PBXContainerItemProxy section */
		43DC6E6426985E4B001018B3 /* PBXContainerItemProxy */ = {
			isa = PBXContainerItemProxy;
			containerPortal = 43DC6E4526985E4A001018B3 /* Project object */;
			proxyType = 1;
			remoteGlobalIDString = 43DC6E4C26985E4B001018B3;
			remoteInfo = CarrotClone;
		};
		43DC6E6F26985E4B001018B3 /* PBXContainerItemProxy */ = {
			isa = PBXContainerItemProxy;
			containerPortal = 43DC6E4526985E4A001018B3 /* Project object */;
			proxyType = 1;
			remoteGlobalIDString = 43DC6E4C26985E4B001018B3;
			remoteInfo = CarrotClone;
		};
/* End PBXContainerItemProxy section */

/* Begin PBXFileReference section */
		3FB11C412115EE82FA53D37F /* Pods-CarrotClone.debug.xcconfig */ = {isa = PBXFileReference; includeInIndex = 1; lastKnownFileType = text.xcconfig; name = "Pods-CarrotClone.debug.xcconfig"; path = "Target Support Files/Pods-CarrotClone/Pods-CarrotClone.debug.xcconfig"; sourceTree = "<group>"; };
		4300AC4626A7F49600B67B2A /* MainViewController.swift */ = {isa = PBXFileReference; lastKnownFileType = sourcecode.swift; path = MainViewController.swift; sourceTree = "<group>"; };
		43DC6E4D26985E4B001018B3 /* CarrotClone.app */ = {isa = PBXFileReference; explicitFileType = wrapper.application; includeInIndex = 0; path = CarrotClone.app; sourceTree = BUILT_PRODUCTS_DIR; };
		43DC6E5026985E4B001018B3 /* AppDelegate.swift */ = {isa = PBXFileReference; lastKnownFileType = sourcecode.swift; path = AppDelegate.swift; sourceTree = "<group>"; };
		43DC6E5226985E4B001018B3 /* SceneDelegate.swift */ = {isa = PBXFileReference; lastKnownFileType = sourcecode.swift; path = SceneDelegate.swift; sourceTree = "<group>"; };
		43DC6E5926985E4B001018B3 /* Assets.xcassets */ = {isa = PBXFileReference; lastKnownFileType = folder.assetcatalog; path = Assets.xcassets; sourceTree = "<group>"; };
		43DC6E5C26985E4B001018B3 /* Base */ = {isa = PBXFileReference; lastKnownFileType = file.storyboard; name = Base; path = Base.lproj/LaunchScreen.storyboard; sourceTree = "<group>"; };
		43DC6E5E26985E4B001018B3 /* Info.plist */ = {isa = PBXFileReference; lastKnownFileType = text.plist.xml; path = Info.plist; sourceTree = "<group>"; };
		43DC6E6326985E4B001018B3 /* CarrotCloneTests.xctest */ = {isa = PBXFileReference; explicitFileType = wrapper.cfbundle; includeInIndex = 0; path = CarrotCloneTests.xctest; sourceTree = BUILT_PRODUCTS_DIR; };
		43DC6E6726985E4B001018B3 /* CarrotCloneTests.swift */ = {isa = PBXFileReference; lastKnownFileType = sourcecode.swift; path = CarrotCloneTests.swift; sourceTree = "<group>"; };
		43DC6E6926985E4B001018B3 /* Info.plist */ = {isa = PBXFileReference; lastKnownFileType = text.plist.xml; path = Info.plist; sourceTree = "<group>"; };
		43DC6E6E26985E4B001018B3 /* CarrotCloneUITests.xctest */ = {isa = PBXFileReference; explicitFileType = wrapper.cfbundle; includeInIndex = 0; path = CarrotCloneUITests.xctest; sourceTree = BUILT_PRODUCTS_DIR; };
		43DC6E7226985E4B001018B3 /* CarrotCloneUITests.swift */ = {isa = PBXFileReference; lastKnownFileType = sourcecode.swift; path = CarrotCloneUITests.swift; sourceTree = "<group>"; };
		43DC6E7426985E4B001018B3 /* Info.plist */ = {isa = PBXFileReference; lastKnownFileType = text.plist.xml; path = Info.plist; sourceTree = "<group>"; };
		43DC6E8C269869F9001018B3 /* GoogleService-Info.plist */ = {isa = PBXFileReference; fileEncoding = 4; lastKnownFileType = text.plist.xml; path = "GoogleService-Info.plist"; sourceTree = "<group>"; };
		45CF9A5AC09C8179515ABE32 /* Pods_CarrotClone.framework */ = {isa = PBXFileReference; explicitFileType = wrapper.framework; includeInIndex = 0; path = Pods_CarrotClone.framework; sourceTree = BUILT_PRODUCTS_DIR; };
		707F49EE6422C36848BE2F07 /* Pods-CarrotClone.release.xcconfig */ = {isa = PBXFileReference; includeInIndex = 1; lastKnownFileType = text.xcconfig; name = "Pods-CarrotClone.release.xcconfig"; path = "Target Support Files/Pods-CarrotClone/Pods-CarrotClone.release.xcconfig"; sourceTree = "<group>"; };
		977EE24BE393B70E196DB8EB /* Pods_CarrotClone_CarrotCloneUITests.framework */ = {isa = PBXFileReference; explicitFileType = wrapper.framework; includeInIndex = 0; path = Pods_CarrotClone_CarrotCloneUITests.framework; sourceTree = BUILT_PRODUCTS_DIR; };
		9EB5DE013543FBF89C3CC49F /* Pods_CarrotCloneTests.framework */ = {isa = PBXFileReference; explicitFileType = wrapper.framework; includeInIndex = 0; path = Pods_CarrotCloneTests.framework; sourceTree = BUILT_PRODUCTS_DIR; };
		BC32DDD04CA43B0A26131038 /* Pods-CarrotCloneTests.debug.xcconfig */ = {isa = PBXFileReference; includeInIndex = 1; lastKnownFileType = text.xcconfig; name = "Pods-CarrotCloneTests.debug.xcconfig"; path = "Target Support Files/Pods-CarrotCloneTests/Pods-CarrotCloneTests.debug.xcconfig"; sourceTree = "<group>"; };
		C0FED1DED0F00BEDF63B13CC /* Pods-CarrotClone-CarrotCloneUITests.debug.xcconfig */ = {isa = PBXFileReference; includeInIndex = 1; lastKnownFileType = text.xcconfig; name = "Pods-CarrotClone-CarrotCloneUITests.debug.xcconfig"; path = "Target Support Files/Pods-CarrotClone-CarrotCloneUITests/Pods-CarrotClone-CarrotCloneUITests.debug.xcconfig"; sourceTree = "<group>"; };
		E2D83435E996B0EDC532DAE4 /* Pods-CarrotCloneTests.release.xcconfig */ = {isa = PBXFileReference; includeInIndex = 1; lastKnownFileType = text.xcconfig; name = "Pods-CarrotCloneTests.release.xcconfig"; path = "Target Support Files/Pods-CarrotCloneTests/Pods-CarrotCloneTests.release.xcconfig"; sourceTree = "<group>"; };
		E63067F9545FD141D99ACB2B /* Pods-CarrotClone-CarrotCloneUITests.release.xcconfig */ = {isa = PBXFileReference; includeInIndex = 1; lastKnownFileType = text.xcconfig; name = "Pods-CarrotClone-CarrotCloneUITests.release.xcconfig"; path = "Target Support Files/Pods-CarrotClone-CarrotCloneUITests/Pods-CarrotClone-CarrotCloneUITests.release.xcconfig"; sourceTree = "<group>"; };
/* End PBXFileReference section */

/* Begin PBXFrameworksBuildPhase section */
		43DC6E4A26985E4B001018B3 /* Frameworks */ = {
			isa = PBXFrameworksBuildPhase;
			buildActionMask = 2147483647;
			files = (
				D9DA1790F4FC17A5BA99A2B8 /* Pods_CarrotClone.framework in Frameworks */,
			);
			runOnlyForDeploymentPostprocessing = 0;
		};
		43DC6E6026985E4B001018B3 /* Frameworks */ = {
			isa = PBXFrameworksBuildPhase;
			buildActionMask = 2147483647;
			files = (
				4DC2BDEF6393FF26AF669190 /* Pods_CarrotCloneTests.framework in Frameworks */,
			);
			runOnlyForDeploymentPostprocessing = 0;
		};
		43DC6E6B26985E4B001018B3 /* Frameworks */ = {
			isa = PBXFrameworksBuildPhase;
			buildActionMask = 2147483647;
			files = (
				6A8CBC21ABD0B17CF96ED995 /* Pods_CarrotClone_CarrotCloneUITests.framework in Frameworks */,
			);
			runOnlyForDeploymentPostprocessing = 0;
		};
/* End PBXFrameworksBuildPhase section */

/* Begin PBXGroup section */
		2AC627357FB2F12F5C089A74 /* Frameworks */ = {
			isa = PBXGroup;
			children = (
				45CF9A5AC09C8179515ABE32 /* Pods_CarrotClone.framework */,
				977EE24BE393B70E196DB8EB /* Pods_CarrotClone_CarrotCloneUITests.framework */,
				9EB5DE013543FBF89C3CC49F /* Pods_CarrotCloneTests.framework */,
			);
			name = Frameworks;
			sourceTree = "<group>";
		};
		43DC6E4426985E4A001018B3 = {
			isa = PBXGroup;
			children = (
				43DC6E4F26985E4B001018B3 /* CarrotClone */,
				43DC6E6626985E4B001018B3 /* CarrotCloneTests */,
				43DC6E7126985E4B001018B3 /* CarrotCloneUITests */,
				43DC6E4E26985E4B001018B3 /* Products */,
				CBA482B8BC3B5F685EA4AF42 /* Pods */,
				2AC627357FB2F12F5C089A74 /* Frameworks */,
			);
			sourceTree = "<group>";
		};
		43DC6E4E26985E4B001018B3 /* Products */ = {
			isa = PBXGroup;
			children = (
				43DC6E4D26985E4B001018B3 /* CarrotClone.app */,
				43DC6E6326985E4B001018B3 /* CarrotCloneTests.xctest */,
				43DC6E6E26985E4B001018B3 /* CarrotCloneUITests.xctest */,
			);
			name = Products;
			sourceTree = "<group>";
		};
		43DC6E4F26985E4B001018B3 /* CarrotClone */ = {
			isa = PBXGroup;
			children = (
				43DC6E8C269869F9001018B3 /* GoogleService-Info.plist */,
				43DC6E5E26985E4B001018B3 /* Info.plist */,
				43DC6E8026985F0F001018B3 /* Source */,
				43DC6E8126985F28001018B3 /* Resource */,
			);
			path = CarrotClone;
			sourceTree = "<group>";
		};
		43DC6E6626985E4B001018B3 /* CarrotCloneTests */ = {
			isa = PBXGroup;
			children = (
				43DC6E6726985E4B001018B3 /* CarrotCloneTests.swift */,
				43DC6E6926985E4B001018B3 /* Info.plist */,
			);
			path = CarrotCloneTests;
			sourceTree = "<group>";
		};
		43DC6E7126985E4B001018B3 /* CarrotCloneUITests */ = {
			isa = PBXGroup;
			children = (
				43DC6E7226985E4B001018B3 /* CarrotCloneUITests.swift */,
				43DC6E7426985E4B001018B3 /* Info.plist */,
			);
			path = CarrotCloneUITests;
			sourceTree = "<group>";
		};
		43DC6E8026985F0F001018B3 /* Source */ = {
			isa = PBXGroup;
			children = (
				43DC6E8226985FA1001018B3 /* Components */,
				43DC6E8326985FE0001018B3 /* Delegate */,
				43DC6E8526985FF1001018B3 /* Extension */,
				43DC6E8626985FFA001018B3 /* Model */,
				43DC6E8726986002001018B3 /* Network */,
				43DC6E882698600E001018B3 /* Scenes */,
				43DC6E892698604F001018B3 /* Service */,
				43DC6E8A26986057001018B3 /* Util */,
			);
			path = Source;
			sourceTree = "<group>";
		};
		43DC6E8126985F28001018B3 /* Resource */ = {
			isa = PBXGroup;
			children = (
				43DC6E5B26985E4B001018B3 /* LaunchScreen.storyboard */,
				43DC6E5926985E4B001018B3 /* Assets.xcassets */,
			);
			path = Resource;
			sourceTree = "<group>";
		};
		43DC6E8226985FA1001018B3 /* Components */ = {
			isa = PBXGroup;
			children = (
				43DC6E8426985FEA001018B3 /* Cell */,
			);
			path = Components;
			sourceTree = "<group>";
		};
		43DC6E8326985FE0001018B3 /* Delegate */ = {
			isa = PBXGroup;
			children = (
				43DC6E5026985E4B001018B3 /* AppDelegate.swift */,
				43DC6E5226985E4B001018B3 /* SceneDelegate.swift */,
			);
			path = Delegate;
			sourceTree = "<group>";
		};
		43DC6E8426985FEA001018B3 /* Cell */ = {
			isa = PBXGroup;
			children = (
			);
			path = Cell;
			sourceTree = "<group>";
		};
		43DC6E8526985FF1001018B3 /* Extension */ = {
			isa = PBXGroup;
			children = (
			);
			path = Extension;
			sourceTree = "<group>";
		};
		43DC6E8626985FFA001018B3 /* Model */ = {
			isa = PBXGroup;
			children = (
			);
			path = Model;
			sourceTree = "<group>";
		};
		43DC6E8726986002001018B3 /* Network */ = {
			isa = PBXGroup;
			children = (
			);
			path = Network;
			sourceTree = "<group>";
		};
		43DC6E882698600E001018B3 /* Scenes */ = {
			isa = PBXGroup;
			children = (
				4300AC4626A7F49600B67B2A /* MainViewController.swift */,
			);
			path = Scenes;
			sourceTree = "<group>";
		};
		43DC6E892698604F001018B3 /* Service */ = {
			isa = PBXGroup;
			children = (
			);
			path = Service;
			sourceTree = "<group>";
		};
		43DC6E8A26986057001018B3 /* Util */ = {
			isa = PBXGroup;
			children = (
			);
			path = Util;
			sourceTree = "<group>";
		};
		CBA482B8BC3B5F685EA4AF42 /* Pods */ = {
			isa = PBXGroup;
			children = (
				3FB11C412115EE82FA53D37F /* Pods-CarrotClone.debug.xcconfig */,
				707F49EE6422C36848BE2F07 /* Pods-CarrotClone.release.xcconfig */,
				C0FED1DED0F00BEDF63B13CC /* Pods-CarrotClone-CarrotCloneUITests.debug.xcconfig */,
				E63067F9545FD141D99ACB2B /* Pods-CarrotClone-CarrotCloneUITests.release.xcconfig */,
				BC32DDD04CA43B0A26131038 /* Pods-CarrotCloneTests.debug.xcconfig */,
				E2D83435E996B0EDC532DAE4 /* Pods-CarrotCloneTests.release.xcconfig */,
			);
			path = Pods;
			sourceTree = "<group>";
		};
/* End PBXGroup section */

/* Begin PBXNativeTarget section */
		43DC6E4C26985E4B001018B3 /* CarrotClone */ = {
			isa = PBXNativeTarget;
			buildConfigurationList = 43DC6E7726985E4B001018B3 /* Build configuration list for PBXNativeTarget "CarrotClone" */;
			buildPhases = (
				720A68F0DB0203C1D18366A4 /* [CP] Check Pods Manifest.lock */,
				43DC6E4926985E4B001018B3 /* Sources */,
				43DC6E4A26985E4B001018B3 /* Frameworks */,
				43DC6E4B26985E4B001018B3 /* Resources */,
				AF0D6B97AAECE51027C52494 /* [CP] Embed Pods Frameworks */,
			);
			buildRules = (
			);
			dependencies = (
			);
			name = CarrotClone;
			productName = CarrotClone;
			productReference = 43DC6E4D26985E4B001018B3 /* CarrotClone.app */;
			productType = "com.apple.product-type.application";
		};
		43DC6E6226985E4B001018B3 /* CarrotCloneTests */ = {
			isa = PBXNativeTarget;
			buildConfigurationList = 43DC6E7A26985E4B001018B3 /* Build configuration list for PBXNativeTarget "CarrotCloneTests" */;
			buildPhases = (
				A44AD4AF74E24B0166B24AAD /* [CP] Check Pods Manifest.lock */,
				43DC6E5F26985E4B001018B3 /* Sources */,
				43DC6E6026985E4B001018B3 /* Frameworks */,
				43DC6E6126985E4B001018B3 /* Resources */,
			);
			buildRules = (
			);
			dependencies = (
				43DC6E6526985E4B001018B3 /* PBXTargetDependency */,
			);
			name = CarrotCloneTests;
			productName = CarrotCloneTests;
			productReference = 43DC6E6326985E4B001018B3 /* CarrotCloneTests.xctest */;
			productType = "com.apple.product-type.bundle.unit-test";
		};
		43DC6E6D26985E4B001018B3 /* CarrotCloneUITests */ = {
			isa = PBXNativeTarget;
			buildConfigurationList = 43DC6E7D26985E4B001018B3 /* Build configuration list for PBXNativeTarget "CarrotCloneUITests" */;
			buildPhases = (
				07CAAF657700D9D3EA2D903B /* [CP] Check Pods Manifest.lock */,
				43DC6E6A26985E4B001018B3 /* Sources */,
				43DC6E6B26985E4B001018B3 /* Frameworks */,
				43DC6E6C26985E4B001018B3 /* Resources */,
				11DFA3D91C74FA17A95EEAC4 /* [CP] Embed Pods Frameworks */,
			);
			buildRules = (
			);
			dependencies = (
				43DC6E7026985E4B001018B3 /* PBXTargetDependency */,
			);
			name = CarrotCloneUITests;
			productName = CarrotCloneUITests;
			productReference = 43DC6E6E26985E4B001018B3 /* CarrotCloneUITests.xctest */;
			productType = "com.apple.product-type.bundle.ui-testing";
		};
/* End PBXNativeTarget section */

/* Begin PBXProject section */
		43DC6E4526985E4A001018B3 /* Project object */ = {
			isa = PBXProject;
			attributes = {
				LastSwiftUpdateCheck = 1250;
				LastUpgradeCheck = 1250;
				TargetAttributes = {
					43DC6E4C26985E4B001018B3 = {
						CreatedOnToolsVersion = 12.5;
					};
					43DC6E6226985E4B001018B3 = {
						CreatedOnToolsVersion = 12.5;
						TestTargetID = 43DC6E4C26985E4B001018B3;
					};
					43DC6E6D26985E4B001018B3 = {
						CreatedOnToolsVersion = 12.5;
						TestTargetID = 43DC6E4C26985E4B001018B3;
					};
				};
			};
			buildConfigurationList = 43DC6E4826985E4A001018B3 /* Build configuration list for PBXProject "CarrotClone" */;
			compatibilityVersion = "Xcode 9.3";
			developmentRegion = en;
			hasScannedForEncodings = 0;
			knownRegions = (
				en,
				Base,
			);
			mainGroup = 43DC6E4426985E4A001018B3;
			productRefGroup = 43DC6E4E26985E4B001018B3 /* Products */;
			projectDirPath = "";
			projectRoot = "";
			targets = (
				43DC6E4C26985E4B001018B3 /* CarrotClone */,
				43DC6E6226985E4B001018B3 /* CarrotCloneTests */,
				43DC6E6D26985E4B001018B3 /* CarrotCloneUITests */,
			);
		};
/* End PBXProject section */

/* Begin PBXResourcesBuildPhase section */
		43DC6E4B26985E4B001018B3 /* Resources */ = {
			isa = PBXResourcesBuildPhase;
			buildActionMask = 2147483647;
			files = (
				43DC6E5D26985E4B001018B3 /* LaunchScreen.storyboard in Resources */,
				43DC6E8D269869F9001018B3 /* GoogleService-Info.plist in Resources */,
				43DC6E5A26985E4B001018B3 /* Assets.xcassets in Resources */,
			);
			runOnlyForDeploymentPostprocessing = 0;
		};
		43DC6E6126985E4B001018B3 /* Resources */ = {
			isa = PBXResourcesBuildPhase;
			buildActionMask = 2147483647;
			files = (
			);
			runOnlyForDeploymentPostprocessing = 0;
		};
		43DC6E6C26985E4B001018B3 /* Resources */ = {
			isa = PBXResourcesBuildPhase;
			buildActionMask = 2147483647;
			files = (
			);
			runOnlyForDeploymentPostprocessing = 0;
		};
/* End PBXResourcesBuildPhase section */

/* Begin PBXShellScriptBuildPhase section */
		07CAAF657700D9D3EA2D903B /* [CP] Check Pods Manifest.lock */ = {
			isa = PBXShellScriptBuildPhase;
			buildActionMask = 2147483647;
			files = (
			);
			inputFileListPaths = (
			);
			inputPaths = (
				"${PODS_PODFILE_DIR_PATH}/Podfile.lock",
				"${PODS_ROOT}/Manifest.lock",
			);
			name = "[CP] Check Pods Manifest.lock";
			outputFileListPaths = (
			);
			outputPaths = (
				"$(DERIVED_FILE_DIR)/Pods-CarrotClone-CarrotCloneUITests-checkManifestLockResult.txt",
			);
			runOnlyForDeploymentPostprocessing = 0;
			shellPath = /bin/sh;
			shellScript = "diff \"${PODS_PODFILE_DIR_PATH}/Podfile.lock\" \"${PODS_ROOT}/Manifest.lock\" > /dev/null\nif [ $? != 0 ] ; then\n    # print error to STDERR\n    echo \"error: The sandbox is not in sync with the Podfile.lock. Run 'pod install' or update your CocoaPods installation.\" >&2\n    exit 1\nfi\n# This output is used by Xcode 'outputs' to avoid re-running this script phase.\necho \"SUCCESS\" > \"${SCRIPT_OUTPUT_FILE_0}\"\n";
			showEnvVarsInLog = 0;
		};
		11DFA3D91C74FA17A95EEAC4 /* [CP] Embed Pods Frameworks */ = {
			isa = PBXShellScriptBuildPhase;
			buildActionMask = 2147483647;
			files = (
			);
			inputFileListPaths = (
				"${PODS_ROOT}/Target Support Files/Pods-CarrotClone-CarrotCloneUITests/Pods-CarrotClone-CarrotCloneUITests-frameworks-${CONFIGURATION}-input-files.xcfilelist",
			);
			name = "[CP] Embed Pods Frameworks";
			outputFileListPaths = (
				"${PODS_ROOT}/Target Support Files/Pods-CarrotClone-CarrotCloneUITests/Pods-CarrotClone-CarrotCloneUITests-frameworks-${CONFIGURATION}-output-files.xcfilelist",
			);
			runOnlyForDeploymentPostprocessing = 0;
			shellPath = /bin/sh;
			shellScript = "\"${PODS_ROOT}/Target Support Files/Pods-CarrotClone-CarrotCloneUITests/Pods-CarrotClone-CarrotCloneUITests-frameworks.sh\"\n";
			showEnvVarsInLog = 0;
		};
		720A68F0DB0203C1D18366A4 /* [CP] Check Pods Manifest.lock */ = {
			isa = PBXShellScriptBuildPhase;
			buildActionMask = 2147483647;
			files = (
			);
			inputFileListPaths = (
			);
			inputPaths = (
				"${PODS_PODFILE_DIR_PATH}/Podfile.lock",
				"${PODS_ROOT}/Manifest.lock",
			);
			name = "[CP] Check Pods Manifest.lock";
			outputFileListPaths = (
			);
			outputPaths = (
				"$(DERIVED_FILE_DIR)/Pods-CarrotClone-checkManifestLockResult.txt",
			);
			runOnlyForDeploymentPostprocessing = 0;
			shellPath = /bin/sh;
			shellScript = "diff \"${PODS_PODFILE_DIR_PATH}/Podfile.lock\" \"${PODS_ROOT}/Manifest.lock\" > /dev/null\nif [ $? != 0 ] ; then\n    # print error to STDERR\n    echo \"error: The sandbox is not in sync with the Podfile.lock. Run 'pod install' or update your CocoaPods installation.\" >&2\n    exit 1\nfi\n# This output is used by Xcode 'outputs' to avoid re-running this script phase.\necho \"SUCCESS\" > \"${SCRIPT_OUTPUT_FILE_0}\"\n";
			showEnvVarsInLog = 0;
		};
		A44AD4AF74E24B0166B24AAD /* [CP] Check Pods Manifest.lock */ = {
			isa = PBXShellScriptBuildPhase;
			buildActionMask = 2147483647;
			files = (
			);
			inputFileListPaths = (
			);
			inputPaths = (
				"${PODS_PODFILE_DIR_PATH}/Podfile.lock",
				"${PODS_ROOT}/Manifest.lock",
			);
			name = "[CP] Check Pods Manifest.lock";
			outputFileListPaths = (
			);
			outputPaths = (
				"$(DERIVED_FILE_DIR)/Pods-CarrotCloneTests-checkManifestLockResult.txt",
			);
			runOnlyForDeploymentPostprocessing = 0;
			shellPath = /bin/sh;
			shellScript = "diff \"${PODS_PODFILE_DIR_PATH}/Podfile.lock\" \"${PODS_ROOT}/Manifest.lock\" > /dev/null\nif [ $? != 0 ] ; then\n    # print error to STDERR\n    echo \"error: The sandbox is not in sync with the Podfile.lock. Run 'pod install' or update your CocoaPods installation.\" >&2\n    exit 1\nfi\n# This output is used by Xcode 'outputs' to avoid re-running this script phase.\necho \"SUCCESS\" > \"${SCRIPT_OUTPUT_FILE_0}\"\n";
			showEnvVarsInLog = 0;
		};
		AF0D6B97AAECE51027C52494 /* [CP] Embed Pods Frameworks */ = {
			isa = PBXShellScriptBuildPhase;
			buildActionMask = 2147483647;
			files = (
			);
			inputFileListPaths = (
				"${PODS_ROOT}/Target Support Files/Pods-CarrotClone/Pods-CarrotClone-frameworks-${CONFIGURATION}-input-files.xcfilelist",
			);
			name = "[CP] Embed Pods Frameworks";
			outputFileListPaths = (
				"${PODS_ROOT}/Target Support Files/Pods-CarrotClone/Pods-CarrotClone-frameworks-${CONFIGURATION}-output-files.xcfilelist",
			);
			runOnlyForDeploymentPostprocessing = 0;
			shellPath = /bin/sh;
			shellScript = "\"${PODS_ROOT}/Target Support Files/Pods-CarrotClone/Pods-CarrotClone-frameworks.sh\"\n";
			showEnvVarsInLog = 0;
		};
/* End PBXShellScriptBuildPhase section */

/* Begin PBXSourcesBuildPhase section */
		43DC6E4926985E4B001018B3 /* Sources */ = {
			isa = PBXSourcesBuildPhase;
			buildActionMask = 2147483647;
			files = (
				4300AC4726A7F49600B67B2A /* MainViewController.swift in Sources */,
				43DC6E5126985E4B001018B3 /* AppDelegate.swift in Sources */,
				43DC6E5326985E4B001018B3 /* SceneDelegate.swift in Sources */,
			);
			runOnlyForDeploymentPostprocessing = 0;
		};
		43DC6E5F26985E4B001018B3 /* Sources */ = {
			isa = PBXSourcesBuildPhase;
			buildActionMask = 2147483647;
			files = (
				43DC6E6826985E4B001018B3 /* CarrotCloneTests.swift in Sources */,
			);
			runOnlyForDeploymentPostprocessing = 0;
		};
		43DC6E6A26985E4B001018B3 /* Sources */ = {
			isa = PBXSourcesBuildPhase;
			buildActionMask = 2147483647;
			files = (
				43DC6E7326985E4B001018B3 /* CarrotCloneUITests.swift in Sources */,
			);
			runOnlyForDeploymentPostprocessing = 0;
		};
/* End PBXSourcesBuildPhase section */

/* Begin PBXTargetDependency section */
		43DC6E6526985E4B001018B3 /* PBXTargetDependency */ = {
			isa = PBXTargetDependency;
			target = 43DC6E4C26985E4B001018B3 /* CarrotClone */;
			targetProxy = 43DC6E6426985E4B001018B3 /* PBXContainerItemProxy */;
		};
		43DC6E7026985E4B001018B3 /* PBXTargetDependency */ = {
			isa = PBXTargetDependency;
			target = 43DC6E4C26985E4B001018B3 /* CarrotClone */;
			targetProxy = 43DC6E6F26985E4B001018B3 /* PBXContainerItemProxy */;
		};
/* End PBXTargetDependency section */

/* Begin PBXVariantGroup section */
		43DC6E5B26985E4B001018B3 /* LaunchScreen.storyboard */ = {
			isa = PBXVariantGroup;
			children = (
				43DC6E5C26985E4B001018B3 /* Base */,
			);
			name = LaunchScreen.storyboard;
			sourceTree = "<group>";
		};
/* End PBXVariantGroup section */

/* Begin XCBuildConfiguration section */
		43DC6E7526985E4B001018B3 /* Debug */ = {
			isa = XCBuildConfiguration;
			buildSettings = {
				ALWAYS_SEARCH_USER_PATHS = NO;
				CLANG_ANALYZER_NONNULL = YES;
				CLANG_ANALYZER_NUMBER_OBJECT_CONVERSION = YES_AGGRESSIVE;
				CLANG_CXX_LANGUAGE_STANDARD = "gnu++14";
				CLANG_CXX_LIBRARY = "libc++";
				CLANG_ENABLE_MODULES = YES;
				CLANG_ENABLE_OBJC_ARC = YES;
				CLANG_ENABLE_OBJC_WEAK = YES;
				CLANG_WARN_BLOCK_CAPTURE_AUTORELEASING = YES;
				CLANG_WARN_BOOL_CONVERSION = YES;
				CLANG_WARN_COMMA = YES;
				CLANG_WARN_CONSTANT_CONVERSION = YES;
				CLANG_WARN_DEPRECATED_OBJC_IMPLEMENTATIONS = YES;
				CLANG_WARN_DIRECT_OBJC_ISA_USAGE = YES_ERROR;
				CLANG_WARN_DOCUMENTATION_COMMENTS = YES;
				CLANG_WARN_EMPTY_BODY = YES;
				CLANG_WARN_ENUM_CONVERSION = YES;
				CLANG_WARN_INFINITE_RECURSION = YES;
				CLANG_WARN_INT_CONVERSION = YES;
				CLANG_WARN_NON_LITERAL_NULL_CONVERSION = YES;
				CLANG_WARN_OBJC_IMPLICIT_RETAIN_SELF = YES;
				CLANG_WARN_OBJC_LITERAL_CONVERSION = YES;
				CLANG_WARN_OBJC_ROOT_CLASS = YES_ERROR;
				CLANG_WARN_QUOTED_INCLUDE_IN_FRAMEWORK_HEADER = YES;
				CLANG_WARN_RANGE_LOOP_ANALYSIS = YES;
				CLANG_WARN_STRICT_PROTOTYPES = YES;
				CLANG_WARN_SUSPICIOUS_MOVE = YES;
				CLANG_WARN_UNGUARDED_AVAILABILITY = YES_AGGRESSIVE;
				CLANG_WARN_UNREACHABLE_CODE = YES;
				CLANG_WARN__DUPLICATE_METHOD_MATCH = YES;
				COPY_PHASE_STRIP = NO;
				DEBUG_INFORMATION_FORMAT = dwarf;
				ENABLE_STRICT_OBJC_MSGSEND = YES;
				ENABLE_TESTABILITY = YES;
				GCC_C_LANGUAGE_STANDARD = gnu11;
				GCC_DYNAMIC_NO_PIC = NO;
				GCC_NO_COMMON_BLOCKS = YES;
				GCC_OPTIMIZATION_LEVEL = 0;
				GCC_PREPROCESSOR_DEFINITIONS = (
					"DEBUG=1",
					"$(inherited)",
				);
				GCC_WARN_64_TO_32_BIT_CONVERSION = YES;
				GCC_WARN_ABOUT_RETURN_TYPE = YES_ERROR;
				GCC_WARN_UNDECLARED_SELECTOR = YES;
				GCC_WARN_UNINITIALIZED_AUTOS = YES_AGGRESSIVE;
				GCC_WARN_UNUSED_FUNCTION = YES;
				GCC_WARN_UNUSED_VARIABLE = YES;
				IPHONEOS_DEPLOYMENT_TARGET = 14.5;
				MTL_ENABLE_DEBUG_INFO = INCLUDE_SOURCE;
				MTL_FAST_MATH = YES;
				ONLY_ACTIVE_ARCH = YES;
				SDKROOT = iphoneos;
				SWIFT_ACTIVE_COMPILATION_CONDITIONS = DEBUG;
				SWIFT_OPTIMIZATION_LEVEL = "-Onone";
			};
			name = Debug;
		};
		43DC6E7626985E4B001018B3 /* Release */ = {
			isa = XCBuildConfiguration;
			buildSettings = {
				ALWAYS_SEARCH_USER_PATHS = NO;
				CLANG_ANALYZER_NONNULL = YES;
				CLANG_ANALYZER_NUMBER_OBJECT_CONVERSION = YES_AGGRESSIVE;
				CLANG_CXX_LANGUAGE_STANDARD = "gnu++14";
				CLANG_CXX_LIBRARY = "libc++";
				CLANG_ENABLE_MODULES = YES;
				CLANG_ENABLE_OBJC_ARC = YES;
				CLANG_ENABLE_OBJC_WEAK = YES;
				CLANG_WARN_BLOCK_CAPTURE_AUTORELEASING = YES;
				CLANG_WARN_BOOL_CONVERSION = YES;
				CLANG_WARN_COMMA = YES;
				CLANG_WARN_CONSTANT_CONVERSION = YES;
				CLANG_WARN_DEPRECATED_OBJC_IMPLEMENTATIONS = YES;
				CLANG_WARN_DIRECT_OBJC_ISA_USAGE = YES_ERROR;
				CLANG_WARN_DOCUMENTATION_COMMENTS = YES;
				CLANG_WARN_EMPTY_BODY = YES;
				CLANG_WARN_ENUM_CONVERSION = YES;
				CLANG_WARN_INFINITE_RECURSION = YES;
				CLANG_WARN_INT_CONVERSION = YES;
				CLANG_WARN_NON_LITERAL_NULL_CONVERSION = YES;
				CLANG_WARN_OBJC_IMPLICIT_RETAIN_SELF = YES;
				CLANG_WARN_OBJC_LITERAL_CONVERSION = YES;
				CLANG_WARN_OBJC_ROOT_CLASS = YES_ERROR;
				CLANG_WARN_QUOTED_INCLUDE_IN_FRAMEWORK_HEADER = YES;
				CLANG_WARN_RANGE_LOOP_ANALYSIS = YES;
				CLANG_WARN_STRICT_PROTOTYPES = YES;
				CLANG_WARN_SUSPICIOUS_MOVE = YES;
				CLANG_WARN_UNGUARDED_AVAILABILITY = YES_AGGRESSIVE;
				CLANG_WARN_UNREACHABLE_CODE = YES;
				CLANG_WARN__DUPLICATE_METHOD_MATCH = YES;
				COPY_PHASE_STRIP = NO;
				DEBUG_INFORMATION_FORMAT = "dwarf-with-dsym";
				ENABLE_NS_ASSERTIONS = NO;
				ENABLE_STRICT_OBJC_MSGSEND = YES;
				GCC_C_LANGUAGE_STANDARD = gnu11;
				GCC_NO_COMMON_BLOCKS = YES;
				GCC_WARN_64_TO_32_BIT_CONVERSION = YES;
				GCC_WARN_ABOUT_RETURN_TYPE = YES_ERROR;
				GCC_WARN_UNDECLARED_SELECTOR = YES;
				GCC_WARN_UNINITIALIZED_AUTOS = YES_AGGRESSIVE;
				GCC_WARN_UNUSED_FUNCTION = YES;
				GCC_WARN_UNUSED_VARIABLE = YES;
				IPHONEOS_DEPLOYMENT_TARGET = 14.5;
				MTL_ENABLE_DEBUG_INFO = NO;
				MTL_FAST_MATH = YES;
				SDKROOT = iphoneos;
				SWIFT_COMPILATION_MODE = wholemodule;
				SWIFT_OPTIMIZATION_LEVEL = "-O";
				VALIDATE_PRODUCT = YES;
			};
			name = Release;
		};
		43DC6E7826985E4B001018B3 /* Debug */ = {
			isa = XCBuildConfiguration;
			baseConfigurationReference = 3FB11C412115EE82FA53D37F /* Pods-CarrotClone.debug.xcconfig */;
			buildSettings = {
				ASSETCATALOG_COMPILER_APPICON_NAME = AppIcon;
				ASSETCATALOG_COMPILER_GLOBAL_ACCENT_COLOR_NAME = AccentColor;
				CODE_SIGN_STYLE = Automatic;
				DEVELOPMENT_TEAM = A58343K98Z;
				INFOPLIST_FILE = CarrotClone/Info.plist;
				IPHONEOS_DEPLOYMENT_TARGET = 13.0;
				LD_RUNPATH_SEARCH_PATHS = (
					"$(inherited)",
					"@executable_path/Frameworks",
				);
				PRODUCT_BUNDLE_IDENTIFIER = com.jihyun.CarrotClone;
				PRODUCT_NAME = "$(TARGET_NAME)";
				SWIFT_VERSION = 5.0;
				TARGETED_DEVICE_FAMILY = "1,2";
			};
			name = Debug;
		};
		43DC6E7926985E4B001018B3 /* Release */ = {
			isa = XCBuildConfiguration;
			baseConfigurationReference = 707F49EE6422C36848BE2F07 /* Pods-CarrotClone.release.xcconfig */;
			buildSettings = {
				ASSETCATALOG_COMPILER_APPICON_NAME = AppIcon;
				ASSETCATALOG_COMPILER_GLOBAL_ACCENT_COLOR_NAME = AccentColor;
				CODE_SIGN_STYLE = Automatic;
				DEVELOPMENT_TEAM = A58343K98Z;
				INFOPLIST_FILE = CarrotClone/Info.plist;
				IPHONEOS_DEPLOYMENT_TARGET = 13.0;
				LD_RUNPATH_SEARCH_PATHS = (
					"$(inherited)",
					"@executable_path/Frameworks",
				);
				PRODUCT_BUNDLE_IDENTIFIER = com.jihyun.CarrotClone;
				PRODUCT_NAME = "$(TARGET_NAME)";
				SWIFT_VERSION = 5.0;
				TARGETED_DEVICE_FAMILY = "1,2";
			};
			name = Release;
		};
		43DC6E7B26985E4B001018B3 /* Debug */ = {
			isa = XCBuildConfiguration;
			baseConfigurationReference = BC32DDD04CA43B0A26131038 /* Pods-CarrotCloneTests.debug.xcconfig */;
			buildSettings = {
				ALWAYS_EMBED_SWIFT_STANDARD_LIBRARIES = YES;
				BUNDLE_LOADER = "$(TEST_HOST)";
				CODE_SIGN_STYLE = Automatic;
				DEVELOPMENT_TEAM = A58343K98Z;
				INFOPLIST_FILE = CarrotCloneTests/Info.plist;
				IPHONEOS_DEPLOYMENT_TARGET = 14.5;
				LD_RUNPATH_SEARCH_PATHS = (
					"$(inherited)",
					"@executable_path/Frameworks",
					"@loader_path/Frameworks",
				);
				PRODUCT_BUNDLE_IDENTIFIER = com.jihyun.CarrotCloneTests;
				PRODUCT_NAME = "$(TARGET_NAME)";
				SWIFT_VERSION = 5.0;
				TARGETED_DEVICE_FAMILY = "1,2";
				TEST_HOST = "$(BUILT_PRODUCTS_DIR)/CarrotClone.app/CarrotClone";
			};
			name = Debug;
		};
		43DC6E7C26985E4B001018B3 /* Release */ = {
			isa = XCBuildConfiguration;
			baseConfigurationReference = E2D83435E996B0EDC532DAE4 /* Pods-CarrotCloneTests.release.xcconfig */;
			buildSettings = {
				ALWAYS_EMBED_SWIFT_STANDARD_LIBRARIES = YES;
				BUNDLE_LOADER = "$(TEST_HOST)";
				CODE_SIGN_STYLE = Automatic;
				DEVELOPMENT_TEAM = A58343K98Z;
				INFOPLIST_FILE = CarrotCloneTests/Info.plist;
				IPHONEOS_DEPLOYMENT_TARGET = 14.5;
				LD_RUNPATH_SEARCH_PATHS = (
					"$(inherited)",
					"@executable_path/Frameworks",
					"@loader_path/Frameworks",
				);
				PRODUCT_BUNDLE_IDENTIFIER = com.jihyun.CarrotCloneTests;
				PRODUCT_NAME = "$(TARGET_NAME)";
				SWIFT_VERSION = 5.0;
				TARGETED_DEVICE_FAMILY = "1,2";
				TEST_HOST = "$(BUILT_PRODUCTS_DIR)/CarrotClone.app/CarrotClone";
			};
			name = Release;
		};
		43DC6E7E26985E4B001018B3 /* Debug */ = {
			isa = XCBuildConfiguration;
			baseConfigurationReference = C0FED1DED0F00BEDF63B13CC /* Pods-CarrotClone-CarrotCloneUITests.debug.xcconfig */;
			buildSettings = {
				ALWAYS_EMBED_SWIFT_STANDARD_LIBRARIES = YES;
				CODE_SIGN_STYLE = Automatic;
				DEVELOPMENT_TEAM = A58343K98Z;
				INFOPLIST_FILE = CarrotCloneUITests/Info.plist;
				LD_RUNPATH_SEARCH_PATHS = (
					"$(inherited)",
					"@executable_path/Frameworks",
					"@loader_path/Frameworks",
				);
				PRODUCT_BUNDLE_IDENTIFIER = com.jihyun.CarrotCloneUITests;
				PRODUCT_NAME = "$(TARGET_NAME)";
				SWIFT_VERSION = 5.0;
				TARGETED_DEVICE_FAMILY = "1,2";
				TEST_TARGET_NAME = CarrotClone;
			};
			name = Debug;
		};
		43DC6E7F26985E4B001018B3 /* Release */ = {
			isa = XCBuildConfiguration;
			baseConfigurationReference = E63067F9545FD141D99ACB2B /* Pods-CarrotClone-CarrotCloneUITests.release.xcconfig */;
			buildSettings = {
				ALWAYS_EMBED_SWIFT_STANDARD_LIBRARIES = YES;
				CODE_SIGN_STYLE = Automatic;
				DEVELOPMENT_TEAM = A58343K98Z;
				INFOPLIST_FILE = CarrotCloneUITests/Info.plist;
				LD_RUNPATH_SEARCH_PATHS = (
					"$(inherited)",
					"@executable_path/Frameworks",
					"@loader_path/Frameworks",
				);
				PRODUCT_BUNDLE_IDENTIFIER = com.jihyun.CarrotCloneUITests;
				PRODUCT_NAME = "$(TARGET_NAME)";
				SWIFT_VERSION = 5.0;
				TARGETED_DEVICE_FAMILY = "1,2";
				TEST_TARGET_NAME = CarrotClone;
			};
			name = Release;
		};
/* End XCBuildConfiguration section */

/* Begin XCConfigurationList section */
		43DC6E4826985E4A001018B3 /* Build configuration list for PBXProject "CarrotClone" */ = {
			isa = XCConfigurationList;
			buildConfigurations = (
				43DC6E7526985E4B001018B3 /* Debug */,
				43DC6E7626985E4B001018B3 /* Release */,
			);
			defaultConfigurationIsVisible = 0;
			defaultConfigurationName = Release;
		};
		43DC6E7726985E4B001018B3 /* Build configuration list for PBXNativeTarget "CarrotClone" */ = {
			isa = XCConfigurationList;
			buildConfigurations = (
				43DC6E7826985E4B001018B3 /* Debug */,
				43DC6E7926985E4B001018B3 /* Release */,
			);
			defaultConfigurationIsVisible = 0;
			defaultConfigurationName = Release;
		};
		43DC6E7A26985E4B001018B3 /* Build configuration list for PBXNativeTarget "CarrotCloneTests" */ = {
			isa = XCConfigurationList;
			buildConfigurations = (
				43DC6E7B26985E4B001018B3 /* Debug */,
				43DC6E7C26985E4B001018B3 /* Release */,
			);
			defaultConfigurationIsVisible = 0;
			defaultConfigurationName = Release;
		};
		43DC6E7D26985E4B001018B3 /* Build configuration list for PBXNativeTarget "CarrotCloneUITests" */ = {
			isa = XCConfigurationList;
			buildConfigurations = (
				43DC6E7E26985E4B001018B3 /* Debug */,
				43DC6E7F26985E4B001018B3 /* Release */,
			);
			defaultConfigurationIsVisible = 0;
			defaultConfigurationName = Release;
		};
/* End XCConfigurationList section */
	};
	rootObject = 43DC6E4526985E4A001018B3 /* Project object */;
}
